{
  "object": {
    "pins": [
      {
        "package": "Alamofire",
        "repositoryURL": "https://github.com/Alamofire/Alamofire.git",
        "state": {
          "branch": null,
          "revision": "d120af1e8638c7da36c8481fd61a66c0c08dc4fc",
          "version": "5.4.4"
        }
      },
      {
        "package": "FSCalendar",
        "repositoryURL": "https://github.com/WenchaoD/FSCalendar.git",
        "state": {
          "branch": null,
          "revision": "4e79a201fad268408a4fd9e2ef429497def9594f",
          "version": "2.8.2"
        }
      },
      {
        "package": "Kingfisher",
        "repositoryURL": "https://github.com/onevcat/Kingfisher.git",
        "state": {
          "branch": null,
          "revision": "318e319998bf555c3e914d5c3adb6da05af86a32",
          "version": "7.1.1"
        }
      },
      {
        "package": "OverlayContainer",
        "repositoryURL": "https://github.com/applidium/OverlayContainer.git",
        "state": {
          "branch": null,
          "revision": "f1c8fc38bb1ad9a810397f1d06f7026a35e0760c",
          "version": "3.5.2"
        }
      },
      {
        "package": "SnapKit",
        "repositoryURL": "https://github.com/SnapKit/SnapKit.git",
        "state": {
          "branch": null,
          "revision": "d458564516e5676af9c70b4f4b2a9178294f1bc6",
          "version": "5.0.1"
        }
      },
      {
        "package": "Then",
        "repositoryURL": "https://github.com/devxoul/Then",
        "state": {
          "branch": "master",
          "revision": "e421a7b3440a271834337694e6050133a3958bc7",
          "version": null
        }
      }
    ]
  },
  "version": 1
}
