// !$*UTF8*$!
{
	archiveVersion = 1;
	classes = {
	};
	objectVersion = 51;
	objects = {

/* Begin PBXBuildFile section */
		3317777825B042C200CC1030 /* UIImage+Extension.swift in Sources */ = {isa = PBXBuildFile; fileRef = 3317777725B042C200CC1030 /* UIImage+Extension.swift */; };
		3317778025B0569C00CC1030 /* real_min.gif in Resources */ = {isa = PBXBuildFile; fileRef = 3317777F25B0569C00CC1030 /* real_min.gif */; };
		3317778625B0916800CC1030 /* MypageService.swift in Sources */ = {isa = PBXBuildFile; fileRef = 3317778525B0916800CC1030 /* MypageService.swift */; };
		3317778B25B0921500CC1030 /* MypageData.swift in Sources */ = {isa = PBXBuildFile; fileRef = 3317778A25B0921500CC1030 /* MypageData.swift */; };
		3317778F25B0B7D900CC1030 /* Roboto-Medium.ttf in Resources */ = {isa = PBXBuildFile; fileRef = 3317778D25B0AAC200CC1030 /* Roboto-Medium.ttf */; };
		33201B1025AE2EBC001A94E4 /* PlantDetailCardData.swift in Sources */ = {isa = PBXBuildFile; fileRef = 33201B0F25AE2EBC001A94E4 /* PlantDetailCardData.swift */; };
		33201B1525AE419F001A94E4 /* MainSelectedData.swift in Sources */ = {isa = PBXBuildFile; fileRef = 33201B1425AE419F001A94E4 /* MainSelectedData.swift */; };
		33201B2225AF3F23001A94E4 /* GoogleService-Info.plist in Resources */ = {isa = PBXBuildFile; fileRef = 33201B2125AF3F23001A94E4 /* GoogleService-Info.plist */; };
		332AFC4A25B1102E00689594 /* min_watering_ios.gif in Resources */ = {isa = PBXBuildFile; fileRef = 332AFC4825B1102E00689594 /* min_watering_ios.gif */; };
		332AFC4B25B1102E00689594 /* min_bad_iOS.gif in Resources */ = {isa = PBXBuildFile; fileRef = 332AFC4925B1102E00689594 /* min_bad_iOS.gif */; };
		332CC7A925A6F41E00D0047D /* MyPageUtils.swift in Sources */ = {isa = PBXBuildFile; fileRef = 332CC7A725A6F41E00D0047D /* MyPageUtils.swift */; };
		332CC7AA25A6F41E00D0047D /* CustomSegmentedControl.swift in Sources */ = {isa = PBXBuildFile; fileRef = 332CC7A825A6F41E00D0047D /* CustomSegmentedControl.swift */; };
		332CC7B025A7018400D0047D /* MypagePlantTVC.swift in Sources */ = {isa = PBXBuildFile; fileRef = 332CC7AF25A7018400D0047D /* MypagePlantTVC.swift */; };
		332CC7B325A701A400D0047D /* MypageContactTVC.swift in Sources */ = {isa = PBXBuildFile; fileRef = 332CC7B225A701A400D0047D /* MypageContactTVC.swift */; };
		332CC7B625A7027D00D0047D /* MypagePlantVC.swift in Sources */ = {isa = PBXBuildFile; fileRef = 332CC7B525A7027D00D0047D /* MypagePlantVC.swift */; };
		332CC7B925A7028A00D0047D /* MypageContactVC.swift in Sources */ = {isa = PBXBuildFile; fileRef = 332CC7B825A7028A00D0047D /* MypageContactVC.swift */; };
		332CC7BD25A707BD00D0047D /* MypagePlantData.swift in Sources */ = {isa = PBXBuildFile; fileRef = 332CC7BC25A707BD00D0047D /* MypagePlantData.swift */; };
		332CC7C125A72A4800D0047D /* MypageContactData.swift in Sources */ = {isa = PBXBuildFile; fileRef = 332CC7C025A72A4800D0047D /* MypageContactData.swift */; };
		3346B34725AB77E300EF5E14 /* AlarmVC.swift in Sources */ = {isa = PBXBuildFile; fileRef = 3346B34625AB77E300EF5E14 /* AlarmVC.swift */; };
		337A5CB525A8543600578130 /* Login.storyboard in Resources */ = {isa = PBXBuildFile; fileRef = 337A5CB425A8543600578130 /* Login.storyboard */; };
		337A5CB925A8545E00578130 /* LoginVC.swift in Sources */ = {isa = PBXBuildFile; fileRef = 337A5CB825A8545E00578130 /* LoginVC.swift */; };
		337A5CBD25A868C000578130 /* UIButton+Extention.swift in Sources */ = {isa = PBXBuildFile; fileRef = 337A5CBC25A868C000578130 /* UIButton+Extention.swift */; };
		33805F7E25AC6209005CED0F /* LoginService.swift in Sources */ = {isa = PBXBuildFile; fileRef = 33805F7D25AC6209005CED0F /* LoginService.swift */; };
		33805F8325AC62B3005CED0F /* LoginData.swift in Sources */ = {isa = PBXBuildFile; fileRef = 33805F8225AC62B3005CED0F /* LoginData.swift */; };
		33805F8925AC739D005CED0F /* MainService.swift in Sources */ = {isa = PBXBuildFile; fileRef = 33805F8825AC739D005CED0F /* MainService.swift */; };
		33805F8E25AC73B1005CED0F /* MainData.swift in Sources */ = {isa = PBXBuildFile; fileRef = 33805F8D25AC73B1005CED0F /* MainData.swift */; };
		33805F9725ACE24E005CED0F /* PlantDetailService.swift in Sources */ = {isa = PBXBuildFile; fileRef = 33805F9625ACE24E005CED0F /* PlantDetailService.swift */; };
		33805F9A25ACE78A005CED0F /* PlantDetailData.swift in Sources */ = {isa = PBXBuildFile; fileRef = 33805F9925ACE78A005CED0F /* PlantDetailData.swift */; };
		33851C74259A5541005BCFFD /* AppDelegate.swift in Sources */ = {isa = PBXBuildFile; fileRef = 33851C73259A5541005BCFFD /* AppDelegate.swift */; };
		33851C76259A5541005BCFFD /* SceneDelegate.swift in Sources */ = {isa = PBXBuildFile; fileRef = 33851C75259A5541005BCFFD /* SceneDelegate.swift */; };
		33851C7D259A5542005BCFFD /* Assets.xcassets in Resources */ = {isa = PBXBuildFile; fileRef = 33851C7C259A5542005BCFFD /* Assets.xcassets */; };
		33851C80259A5542005BCFFD /* LaunchScreen.storyboard in Resources */ = {isa = PBXBuildFile; fileRef = 33851C7E259A5542005BCFFD /* LaunchScreen.storyboard */; };
		33851C93259A5B68005BCFFD /* APIConstants.swift in Sources */ = {isa = PBXBuildFile; fileRef = 33851C92259A5B68005BCFFD /* APIConstants.swift */; };
		33851C99259A5C00005BCFFD /* NetworkResult.swift in Sources */ = {isa = PBXBuildFile; fileRef = 33851C98259A5C00005BCFFD /* NetworkResult.swift */; };
		33851C9D259A5C25005BCFFD /* GenericResponse.swift in Sources */ = {isa = PBXBuildFile; fileRef = 33851C9C259A5C25005BCFFD /* GenericResponse.swift */; };
		33CAF85225A249DC0050DE29 /* CherishMainNC.swift in Sources */ = {isa = PBXBuildFile; fileRef = 33CAF85125A249DC0050DE29 /* CherishMainNC.swift */; };
		33CAF85625A2674A0050DE29 /* CircularProgressView.swift in Sources */ = {isa = PBXBuildFile; fileRef = 33CAF85525A2674A0050DE29 /* CircularProgressView.swift */; };
		33D0026625A3036800E97811 /* PlantDetailPopUpExplainVC.swift in Sources */ = {isa = PBXBuildFile; fileRef = 33D0026525A3036800E97811 /* PlantDetailPopUpExplainVC.swift */; };
		33D0026925A3093500E97811 /* PlantExplainCVC.swift in Sources */ = {isa = PBXBuildFile; fileRef = 33D0026825A3093500E97811 /* PlantExplainCVC.swift */; };
		33D0026F25A30AB700E97811 /* PlantDetailExplainData.swift in Sources */ = {isa = PBXBuildFile; fileRef = 33D0026E25A30AB700E97811 /* PlantDetailExplainData.swift */; };
		33D0027325A30E4700E97811 /* 38217-money-growth.json in Resources */ = {isa = PBXBuildFile; fileRef = 33D0027225A30E4700E97811 /* 38217-money-growth.json */; };
		33D0027725A3144400E97811 /* 33650-recolor-plant.json in Resources */ = {isa = PBXBuildFile; fileRef = 33D0027525A3144400E97811 /* 33650-recolor-plant.json */; };
		33D0027825A3144400E97811 /* 29583-flower.json in Resources */ = {isa = PBXBuildFile; fileRef = 33D0027625A3144400E97811 /* 29583-flower.json */; };
		33E874C825A04332001F84FE /* NotoSansCJKkr-Regular.otf in Resources */ = {isa = PBXBuildFile; fileRef = 33E874C725A04332001F84FE /* NotoSansCJKkr-Regular.otf */; };
		33E874CB25A0434B001F84FE /* Roboto-Regular.ttf in Resources */ = {isa = PBXBuildFile; fileRef = 33E874CA25A0434B001F84FE /* Roboto-Regular.ttf */; };
		33E874CE25A04361001F84FE /* NotoSansCJKkr-Medium.otf in Resources */ = {isa = PBXBuildFile; fileRef = 33E874CD25A04361001F84FE /* NotoSansCJKkr-Medium.otf */; };
		33E874D125A0437A001F84FE /* NotoSansCJKkr-Bold.otf in Resources */ = {isa = PBXBuildFile; fileRef = 33E874D025A0437A001F84FE /* NotoSansCJKkr-Bold.otf */; };
		33E874D425A043B4001F84FE /* NotoSansCJKkr-Light.otf in Resources */ = {isa = PBXBuildFile; fileRef = 33E874D325A043B4001F84FE /* NotoSansCJKkr-Light.otf */; };
		33E874D725A043CF001F84FE /* Roboto-Bold.ttf in Resources */ = {isa = PBXBuildFile; fileRef = 33E874D625A043CF001F84FE /* Roboto-Bold.ttf */; };
		33E874DA25A043F1001F84FE /* Roboto-Black.ttf in Resources */ = {isa = PBXBuildFile; fileRef = 33E874D925A043F1001F84FE /* Roboto-Black.ttf */; };
		33E874DD25A04569001F84FE /* MyPage.storyboard in Resources */ = {isa = PBXBuildFile; fileRef = 33E874DC25A04569001F84FE /* MyPage.storyboard */; };
		33E874E025A04746001F84FE /* CherishMain.storyboard in Resources */ = {isa = PBXBuildFile; fileRef = 33E874DF25A04746001F84FE /* CherishMain.storyboard */; };
		33E874E425A047DE001F84FE /* ShowMore.storyboard in Resources */ = {isa = PBXBuildFile; fileRef = 33E874E325A047DE001F84FE /* ShowMore.storyboard */; };
		33E874E825A04832001F84FE /* TabBar.storyboard in Resources */ = {isa = PBXBuildFile; fileRef = 33E874E725A04832001F84FE /* TabBar.storyboard */; };
		33E874EC25A04892001F84FE /* CherishTabBarController.swift in Sources */ = {isa = PBXBuildFile; fileRef = 33E874EB25A04892001F84FE /* CherishTabBarController.swift */; };
		33E874F725A04A56001F84FE /* CherishMainVC.swift in Sources */ = {isa = PBXBuildFile; fileRef = 33E874F625A04A56001F84FE /* CherishMainVC.swift */; };
		33E874FB25A04A81001F84FE /* MyPageVC.swift in Sources */ = {isa = PBXBuildFile; fileRef = 33E874FA25A04A81001F84FE /* MyPageVC.swift */; };
		33E874FE25A04A8D001F84FE /* ShowMoreVC.swift in Sources */ = {isa = PBXBuildFile; fileRef = 33E874FD25A04A8D001F84FE /* ShowMoreVC.swift */; };
		33E8750425A04D1E001F84FE /* CustomLabel.swift in Sources */ = {isa = PBXBuildFile; fileRef = 33E8750325A04D1E001F84FE /* CustomLabel.swift */; };
		33E8750725A04DA2001F84FE /* UIColor+Additions.swift in Sources */ = {isa = PBXBuildFile; fileRef = 33E8750625A04DA2001F84FE /* UIColor+Additions.swift */; };
		33E8751325A05623001F84FE /* CircularProgressBar.swift in Sources */ = {isa = PBXBuildFile; fileRef = 33E8751225A05623001F84FE /* CircularProgressBar.swift */; };
		33E8752025A05CE5001F84FE /* BackdropVC.swift in Sources */ = {isa = PBXBuildFile; fileRef = 33E8751F25A05CE5001F84FE /* BackdropVC.swift */; };
		33E8752325A05CFC001F84FE /* DetailContentVC.swift in Sources */ = {isa = PBXBuildFile; fileRef = 33E8752225A05CFC001F84FE /* DetailContentVC.swift */; };
		33E8752625A05D34001F84FE /* MainContentVC.swift in Sources */ = {isa = PBXBuildFile; fileRef = 33E8752525A05D34001F84FE /* MainContentVC.swift */; };
		33E8753525A07A7F001F84FE /* CherishPeopleCVC.swift in Sources */ = {isa = PBXBuildFile; fileRef = 33E8753425A07A7F001F84FE /* CherishPeopleCVC.swift */; };
		33E8754225A08CFE001F84FE /* CherishSelectPersonCVC.swift in Sources */ = {isa = PBXBuildFile; fileRef = 33E8754125A08CFE001F84FE /* CherishSelectPersonCVC.swift */; };
		33E8754925A09440001F84FE /* NotificationName.swift in Sources */ = {isa = PBXBuildFile; fileRef = 33E8754825A09440001F84FE /* NotificationName.swift */; };
		33E8754C25A0D272001F84FE /* ProgressBarView.swift in Sources */ = {isa = PBXBuildFile; fileRef = 33E8754B25A0D272001F84FE /* ProgressBarView.swift */; };
		33EAA2EC25B15D4E00E75F95 /* AddUserNC.swift in Sources */ = {isa = PBXBuildFile; fileRef = 33EAA2EB25B15D4E00E75F95 /* AddUserNC.swift */; };
		33EAA2EF25B17D3D00E75F95 /* PlantDetailCardService.swift in Sources */ = {isa = PBXBuildFile; fileRef = 33EAA2EE25B17D3D00E75F95 /* PlantDetailCardService.swift */; };
		33EAA2F325B180C000E75F95 /* SplashVC.swift in Sources */ = {isa = PBXBuildFile; fileRef = 33EAA2F225B180C000E75F95 /* SplashVC.swift */; };
		33EDFBB525A1B533006367A7 /* PlantDetail.storyboard in Resources */ = {isa = PBXBuildFile; fileRef = 33EDFBB425A1B533006367A7 /* PlantDetail.storyboard */; };
		33EDFBBA25A1B96D006367A7 /* PlantDetailVC.swift in Sources */ = {isa = PBXBuildFile; fileRef = 33EDFBB925A1B96D006367A7 /* PlantDetailVC.swift */; };
		33FDB7A025A2904000F1EC6F /* KeywordCVCell.swift in Sources */ = {isa = PBXBuildFile; fileRef = 33FDB79F25A2904000F1EC6F /* KeywordCVCell.swift */; };
		54425C2125ADBD9600E62BAB /* RecentKeywordData.swift in Sources */ = {isa = PBXBuildFile; fileRef = 54425C2025ADBD9600E62BAB /* RecentKeywordData.swift */; };
		54425C2425ADBE0700E62BAB /* RecentKeywordService.swift in Sources */ = {isa = PBXBuildFile; fileRef = 54425C2325ADBE0700E62BAB /* RecentKeywordService.swift */; };
		54425C2925AE32E100E62BAB /* KeywordReviewEditCVC.swift in Sources */ = {isa = PBXBuildFile; fileRef = 54425C2825AE32E100E62BAB /* KeywordReviewEditCVC.swift */; };
		54425C3525AF51CB00E62BAB /* CalendarSeeData.swift in Sources */ = {isa = PBXBuildFile; fileRef = 54425C3425AF51CB00E62BAB /* CalendarSeeData.swift */; };
		54425C3A25AF520A00E62BAB /* CalendarService.swift in Sources */ = {isa = PBXBuildFile; fileRef = 54425C3925AF520A00E62BAB /* CalendarService.swift */; };
		54425C3D25AF58BF00E62BAB /* FetchCalendar.swift in Sources */ = {isa = PBXBuildFile; fileRef = 54425C3C25AF58BF00E62BAB /* FetchCalendar.swift */; };
		54425C4025AF5EBA00E62BAB /* CalendarKeyword.swift in Sources */ = {isa = PBXBuildFile; fileRef = 54425C3F25AF5EBA00E62BAB /* CalendarKeyword.swift */; };
		546A247025ACD32800F869E2 /* WateringReviewService.swift in Sources */ = {isa = PBXBuildFile; fileRef = 546A246F25ACD32800F869E2 /* WateringReviewService.swift */; };
		546A247325ACD53A00F869E2 /* WateringReviewData.swift in Sources */ = {isa = PBXBuildFile; fileRef = 546A247225ACD53A00F869E2 /* WateringReviewData.swift */; };
		546A247625ACD62F00F869E2 /* WateringMotionVC.swift in Sources */ = {isa = PBXBuildFile; fileRef = 546A247525ACD62F00F869E2 /* WateringMotionVC.swift */; };
		5478343625A76EBC0021C32B /* UIDevice+ScreenSize.swift in Sources */ = {isa = PBXBuildFile; fileRef = 5478343525A76EBC0021C32B /* UIDevice+ScreenSize.swift */; };
		5478343A25A82B060021C32B /* ReviewEditVC.swift in Sources */ = {isa = PBXBuildFile; fileRef = 5478343925A82B060021C32B /* ReviewEditVC.swift */; };
		5478344C25AB65C30021C32B /* ShowMoreTVC.swift in Sources */ = {isa = PBXBuildFile; fileRef = 5478344A25AB65C20021C32B /* ShowMoreTVC.swift */; };
		5478344D25AB65C30021C32B /* ShowMoreTVC.xib in Resources */ = {isa = PBXBuildFile; fileRef = 5478344B25AB65C20021C32B /* ShowMoreTVC.xib */; };
		5478345225AB7D8E0021C32B /* ShowMoreNotImageTVC.swift in Sources */ = {isa = PBXBuildFile; fileRef = 5478345025AB7D8E0021C32B /* ShowMoreNotImageTVC.swift */; };
		5478346B25AC6DF50021C32B /* LaterCheckData.swift in Sources */ = {isa = PBXBuildFile; fileRef = 5478346A25AC6DF50021C32B /* LaterCheckData.swift */; };
		5478346F25AC72F90021C32B /* LaterService.swift in Sources */ = {isa = PBXBuildFile; fileRef = 5478346E25AC72F90021C32B /* LaterService.swift */; };
		5478347225AC75950021C32B /* WateringDayData.swift in Sources */ = {isa = PBXBuildFile; fileRef = 5478347125AC75950021C32B /* WateringDayData.swift */; };
		5478347525AC77600021C32B /* WateringDayService.swift in Sources */ = {isa = PBXBuildFile; fileRef = 5478347425AC77600021C32B /* WateringDayService.swift */; };
		5488922125A59486003839FC /* Calendar.storyboard in Resources */ = {isa = PBXBuildFile; fileRef = 5488922025A59486003839FC /* Calendar.storyboard */; };
		5488922525A594CF003839FC /* CalendarVC.swift in Sources */ = {isa = PBXBuildFile; fileRef = 5488922425A594CF003839FC /* CalendarVC.swift */; };
		5488923625A5E962003839FC /* CalendarKeywordCVCell.swift in Sources */ = {isa = PBXBuildFile; fileRef = 5488923425A5E962003839FC /* CalendarKeywordCVCell.swift */; };
		5488923725A5E962003839FC /* CalendarKeywordCVCell.xib in Resources */ = {isa = PBXBuildFile; fileRef = 5488923525A5E962003839FC /* CalendarKeywordCVCell.xib */; };
		548DF15725A1A0470081FCD1 /* PopUpWatering.storyboard in Resources */ = {isa = PBXBuildFile; fileRef = 548DF15625A1A0470081FCD1 /* PopUpWatering.storyboard */; };
		548DF16325A1B3A80081FCD1 /* UIView+Extension.swift in Sources */ = {isa = PBXBuildFile; fileRef = 548DF16225A1B3A80081FCD1 /* UIView+Extension.swift */; };
		548DF16C25A1B4390081FCD1 /* PopUpWateringVC.swift in Sources */ = {isa = PBXBuildFile; fileRef = 548DF16B25A1B4390081FCD1 /* PopUpWateringVC.swift */; };
		548DF16F25A1B4AB0081FCD1 /* UITextField+Extension.swift in Sources */ = {isa = PBXBuildFile; fileRef = 548DF16E25A1B4AB0081FCD1 /* UITextField+Extension.swift */; };
		548DF17225A1BB6D0081FCD1 /* PopUpContact.storyboard in Resources */ = {isa = PBXBuildFile; fileRef = 548DF17125A1BB6D0081FCD1 /* PopUpContact.storyboard */; };
		548DF17525A1BB7F0081FCD1 /* PopUpContactVC.swift in Sources */ = {isa = PBXBuildFile; fileRef = 548DF17425A1BB7F0081FCD1 /* PopUpContactVC.swift */; };
		548DF17B25A1EE610081FCD1 /* Review.storyboard in Resources */ = {isa = PBXBuildFile; fileRef = 548DF17A25A1EE610081FCD1 /* Review.storyboard */; };
		548DF17E25A1EE730081FCD1 /* ReviewVC.swift in Sources */ = {isa = PBXBuildFile; fileRef = 548DF17D25A1EE730081FCD1 /* ReviewVC.swift */; };
		548DF18D25A227A00081FCD1 /* KeywordCVC.swift in Sources */ = {isa = PBXBuildFile; fileRef = 548DF18B25A227A00081FCD1 /* KeywordCVC.swift */; };
		548DF19625A2E1620081FCD1 /* PopUpLater.storyboard in Resources */ = {isa = PBXBuildFile; fileRef = 548DF19525A2E1620081FCD1 /* PopUpLater.storyboard */; };
		548DF19925A2E1780081FCD1 /* PopUpLaterVC.swift in Sources */ = {isa = PBXBuildFile; fileRef = 548DF19825A2E1780081FCD1 /* PopUpLaterVC.swift */; };
		548DF1A925A395D20081FCD1 /* KeywordCanDeleteCVC.swift in Sources */ = {isa = PBXBuildFile; fileRef = 548DF1A725A395D20081FCD1 /* KeywordCanDeleteCVC.swift */; };
		548DF1AD25A4260E0081FCD1 /* CollectionViewAlign.swift in Sources */ = {isa = PBXBuildFile; fileRef = 548DF1AC25A4260E0081FCD1 /* CollectionViewAlign.swift */; };
		6267145A78CCE15A17811AB0 /* Pods_Cherish_iOS.framework in Frameworks */ = {isa = PBXBuildFile; fileRef = 3317F22D029D112E0B804F84 /* Pods_Cherish_iOS.framework */; };
		9214410225ACE7BD00853E53 /* AddUserService.swift in Sources */ = {isa = PBXBuildFile; fileRef = 9214410125ACE7BD00853E53 /* AddUserService.swift */; };
		923F8CDF25A1C2E400EA04E5 /* InputDetailVC.swift in Sources */ = {isa = PBXBuildFile; fileRef = 923F8CDE25A1C2E400EA04E5 /* InputDetailVC.swift */; };
		923F8CE325A1C2F700EA04E5 /* SelectFriendVC.swift in Sources */ = {isa = PBXBuildFile; fileRef = 923F8CE225A1C2F700EA04E5 /* SelectFriendVC.swift */; };
		9244DF0C25AB90F00014FF5D /* PlantResultVC.swift in Sources */ = {isa = PBXBuildFile; fileRef = 9244DF0B25AB90F00014FF5D /* PlantResultVC.swift */; };
		9244DF1225AB92220014FF5D /* LoadingPopUpVC.swift in Sources */ = {isa = PBXBuildFile; fileRef = 9244DF1125AB92220014FF5D /* LoadingPopUpVC.swift */; };
		92824D7925B145DB003D7678 /* MyPageSearchPlantVC.swift in Sources */ = {isa = PBXBuildFile; fileRef = 92824D7825B145DB003D7678 /* MyPageSearchPlantVC.swift */; };
		92824D7D25B145FA003D7678 /* MyPageSearchContactVC.swift in Sources */ = {isa = PBXBuildFile; fileRef = 92824D7C25B145FA003D7678 /* MyPageSearchContactVC.swift */; };
		92824D9425B16E14003D7678 /* MyPageSearchPlantHeaderCell.swift in Sources */ = {isa = PBXBuildFile; fileRef = 92824D9325B16E14003D7678 /* MyPageSearchPlantHeaderCell.swift */; };
		92824D9C25B16E94003D7678 /* SearchPlantCell.swift in Sources */ = {isa = PBXBuildFile; fileRef = 92824D9A25B16E94003D7678 /* SearchPlantCell.swift */; };
		92824D9D25B16E94003D7678 /* SearchPlantCell.xib in Resources */ = {isa = PBXBuildFile; fileRef = 92824D9B25B16E94003D7678 /* SearchPlantCell.xib */; };
		92824DA225B19A7F003D7678 /* MypageNC.swift in Sources */ = {isa = PBXBuildFile; fileRef = 92824DA125B19A7F003D7678 /* MypageNC.swift */; };
		92B0F9D925AEB15400AA411A /* AddUserData.swift in Sources */ = {isa = PBXBuildFile; fileRef = 92B0F9D825AEB15400AA411A /* AddUserData.swift */; };
		92B0F9E225AEE41600AA411A /* FetchedContact.swift in Sources */ = {isa = PBXBuildFile; fileRef = 92B0F9E125AEE41600AA411A /* FetchedContact.swift */; };
		92B0FA2C25B0F6A900AA411A /* NoPlantVC.swift in Sources */ = {isa = PBXBuildFile; fileRef = 92B0FA2B25B0F6A800AA411A /* NoPlantVC.swift */; };
		92B2306525A30F390024B8A8 /* Friend.swift in Sources */ = {isa = PBXBuildFile; fileRef = 92B2306425A30F390024B8A8 /* Friend.swift */; };
		92DCC3DF25A8504F00160523 /* SelectFriendSearchBar.swift in Sources */ = {isa = PBXBuildFile; fileRef = 92DCC3DE25A8504F00160523 /* SelectFriendSearchBar.swift */; };
		92DCC3E525A85D1D00160523 /* AddUser.storyboard in Resources */ = {isa = PBXBuildFile; fileRef = 92E8E39625A1B13F001F1FB4 /* AddUser.storyboard */; };
		92DCC3EA25A85D7100160523 /* SelectFriendCell.swift in Sources */ = {isa = PBXBuildFile; fileRef = 92DCC3E825A85D7100160523 /* SelectFriendCell.swift */; };
		92DCC3EB25A85D7100160523 /* SelectFriendCell.xib in Resources */ = {isa = PBXBuildFile; fileRef = 92DCC3E925A85D7100160523 /* SelectFriendCell.xib */; };
/* End PBXBuildFile section */

/* Begin PBXFileReference section */
		3317777725B042C200CC1030 /* UIImage+Extension.swift */ = {isa = PBXFileReference; lastKnownFileType = sourcecode.swift; path = "UIImage+Extension.swift"; sourceTree = "<group>"; };
		3317777F25B0569C00CC1030 /* real_min.gif */ = {isa = PBXFileReference; lastKnownFileType = image.gif; path = real_min.gif; sourceTree = "<group>"; };
		3317778525B0916800CC1030 /* MypageService.swift */ = {isa = PBXFileReference; lastKnownFileType = sourcecode.swift; path = MypageService.swift; sourceTree = "<group>"; };
		3317778A25B0921500CC1030 /* MypageData.swift */ = {isa = PBXFileReference; lastKnownFileType = sourcecode.swift; path = MypageData.swift; sourceTree = "<group>"; };
		3317778D25B0AAC200CC1030 /* Roboto-Medium.ttf */ = {isa = PBXFileReference; lastKnownFileType = file; path = "Roboto-Medium.ttf"; sourceTree = "<group>"; };
		3317F22D029D112E0B804F84 /* Pods_Cherish_iOS.framework */ = {isa = PBXFileReference; explicitFileType = wrapper.framework; includeInIndex = 0; path = Pods_Cherish_iOS.framework; sourceTree = BUILT_PRODUCTS_DIR; };
		33201B0F25AE2EBC001A94E4 /* PlantDetailCardData.swift */ = {isa = PBXFileReference; lastKnownFileType = sourcecode.swift; path = PlantDetailCardData.swift; sourceTree = "<group>"; };
		33201B1425AE419F001A94E4 /* MainSelectedData.swift */ = {isa = PBXFileReference; lastKnownFileType = sourcecode.swift; path = MainSelectedData.swift; sourceTree = "<group>"; };
		33201B2125AF3F23001A94E4 /* GoogleService-Info.plist */ = {isa = PBXFileReference; fileEncoding = 4; lastKnownFileType = text.plist.xml; path = "GoogleService-Info.plist"; sourceTree = "<group>"; };
		332AFC4825B1102E00689594 /* min_watering_ios.gif */ = {isa = PBXFileReference; lastKnownFileType = image.gif; path = min_watering_ios.gif; sourceTree = "<group>"; };
		332AFC4925B1102E00689594 /* min_bad_iOS.gif */ = {isa = PBXFileReference; lastKnownFileType = image.gif; path = min_bad_iOS.gif; sourceTree = "<group>"; };
		332CC7A725A6F41E00D0047D /* MyPageUtils.swift */ = {isa = PBXFileReference; fileEncoding = 4; lastKnownFileType = sourcecode.swift; path = MyPageUtils.swift; sourceTree = "<group>"; };
		332CC7A825A6F41E00D0047D /* CustomSegmentedControl.swift */ = {isa = PBXFileReference; fileEncoding = 4; lastKnownFileType = sourcecode.swift; path = CustomSegmentedControl.swift; sourceTree = "<group>"; };
		332CC7AF25A7018400D0047D /* MypagePlantTVC.swift */ = {isa = PBXFileReference; lastKnownFileType = sourcecode.swift; path = MypagePlantTVC.swift; sourceTree = "<group>"; };
		332CC7B225A701A400D0047D /* MypageContactTVC.swift */ = {isa = PBXFileReference; lastKnownFileType = sourcecode.swift; path = MypageContactTVC.swift; sourceTree = "<group>"; };
		332CC7B525A7027D00D0047D /* MypagePlantVC.swift */ = {isa = PBXFileReference; lastKnownFileType = sourcecode.swift; path = MypagePlantVC.swift; sourceTree = "<group>"; };
		332CC7B825A7028A00D0047D /* MypageContactVC.swift */ = {isa = PBXFileReference; lastKnownFileType = sourcecode.swift; path = MypageContactVC.swift; sourceTree = "<group>"; };
		332CC7BC25A707BD00D0047D /* MypagePlantData.swift */ = {isa = PBXFileReference; lastKnownFileType = sourcecode.swift; path = MypagePlantData.swift; sourceTree = "<group>"; };
		332CC7C025A72A4800D0047D /* MypageContactData.swift */ = {isa = PBXFileReference; lastKnownFileType = sourcecode.swift; path = MypageContactData.swift; sourceTree = "<group>"; };
		3346B34325AB653D00EF5E14 /* Cherish-iOS.entitlements */ = {isa = PBXFileReference; lastKnownFileType = text.plist.entitlements; path = "Cherish-iOS.entitlements"; sourceTree = "<group>"; };
		3346B34625AB77E300EF5E14 /* AlarmVC.swift */ = {isa = PBXFileReference; lastKnownFileType = sourcecode.swift; path = AlarmVC.swift; sourceTree = "<group>"; };
		337A5CB425A8543600578130 /* Login.storyboard */ = {isa = PBXFileReference; lastKnownFileType = file.storyboard; path = Login.storyboard; sourceTree = "<group>"; };
		337A5CB825A8545E00578130 /* LoginVC.swift */ = {isa = PBXFileReference; lastKnownFileType = sourcecode.swift; path = LoginVC.swift; sourceTree = "<group>"; };
		337A5CBC25A868C000578130 /* UIButton+Extention.swift */ = {isa = PBXFileReference; lastKnownFileType = sourcecode.swift; path = "UIButton+Extention.swift"; sourceTree = "<group>"; };
		33805F7D25AC6209005CED0F /* LoginService.swift */ = {isa = PBXFileReference; lastKnownFileType = sourcecode.swift; path = LoginService.swift; sourceTree = "<group>"; };
		33805F8225AC62B3005CED0F /* LoginData.swift */ = {isa = PBXFileReference; lastKnownFileType = sourcecode.swift; path = LoginData.swift; sourceTree = "<group>"; };
		33805F8825AC739D005CED0F /* MainService.swift */ = {isa = PBXFileReference; lastKnownFileType = sourcecode.swift; path = MainService.swift; sourceTree = "<group>"; };
		33805F8D25AC73B1005CED0F /* MainData.swift */ = {isa = PBXFileReference; lastKnownFileType = sourcecode.swift; path = MainData.swift; sourceTree = "<group>"; };
		33805F9625ACE24E005CED0F /* PlantDetailService.swift */ = {isa = PBXFileReference; lastKnownFileType = sourcecode.swift; path = PlantDetailService.swift; sourceTree = "<group>"; };
		33805F9925ACE78A005CED0F /* PlantDetailData.swift */ = {isa = PBXFileReference; lastKnownFileType = sourcecode.swift; path = PlantDetailData.swift; sourceTree = "<group>"; };
		33851C70259A5541005BCFFD /* Cherish-iOS.app */ = {isa = PBXFileReference; explicitFileType = wrapper.application; includeInIndex = 0; path = "Cherish-iOS.app"; sourceTree = BUILT_PRODUCTS_DIR; };
		33851C73259A5541005BCFFD /* AppDelegate.swift */ = {isa = PBXFileReference; lastKnownFileType = sourcecode.swift; path = AppDelegate.swift; sourceTree = "<group>"; };
		33851C75259A5541005BCFFD /* SceneDelegate.swift */ = {isa = PBXFileReference; lastKnownFileType = sourcecode.swift; path = SceneDelegate.swift; sourceTree = "<group>"; };
		33851C7C259A5542005BCFFD /* Assets.xcassets */ = {isa = PBXFileReference; lastKnownFileType = folder.assetcatalog; path = Assets.xcassets; sourceTree = "<group>"; };
		33851C7F259A5542005BCFFD /* Base */ = {isa = PBXFileReference; lastKnownFileType = file.storyboard; name = Base; path = Base.lproj/LaunchScreen.storyboard; sourceTree = "<group>"; };
		33851C81259A5542005BCFFD /* Info.plist */ = {isa = PBXFileReference; lastKnownFileType = text.plist.xml; path = Info.plist; sourceTree = "<group>"; };
		33851C92259A5B68005BCFFD /* APIConstants.swift */ = {isa = PBXFileReference; lastKnownFileType = sourcecode.swift; path = APIConstants.swift; sourceTree = "<group>"; };
		33851C98259A5C00005BCFFD /* NetworkResult.swift */ = {isa = PBXFileReference; lastKnownFileType = sourcecode.swift; path = NetworkResult.swift; sourceTree = "<group>"; };
		33851C9C259A5C25005BCFFD /* GenericResponse.swift */ = {isa = PBXFileReference; lastKnownFileType = sourcecode.swift; path = GenericResponse.swift; sourceTree = "<group>"; };
		33CAF85125A249DC0050DE29 /* CherishMainNC.swift */ = {isa = PBXFileReference; lastKnownFileType = sourcecode.swift; path = CherishMainNC.swift; sourceTree = "<group>"; };
		33CAF85525A2674A0050DE29 /* CircularProgressView.swift */ = {isa = PBXFileReference; lastKnownFileType = sourcecode.swift; path = CircularProgressView.swift; sourceTree = "<group>"; };
		33D0026525A3036800E97811 /* PlantDetailPopUpExplainVC.swift */ = {isa = PBXFileReference; lastKnownFileType = sourcecode.swift; path = PlantDetailPopUpExplainVC.swift; sourceTree = "<group>"; };
		33D0026825A3093500E97811 /* PlantExplainCVC.swift */ = {isa = PBXFileReference; lastKnownFileType = sourcecode.swift; path = PlantExplainCVC.swift; sourceTree = "<group>"; };
		33D0026E25A30AB700E97811 /* PlantDetailExplainData.swift */ = {isa = PBXFileReference; lastKnownFileType = sourcecode.swift; path = PlantDetailExplainData.swift; sourceTree = "<group>"; };
		33D0027225A30E4700E97811 /* 38217-money-growth.json */ = {isa = PBXFileReference; fileEncoding = 4; lastKnownFileType = text.json; path = "38217-money-growth.json"; sourceTree = "<group>"; };
		33D0027525A3144400E97811 /* 33650-recolor-plant.json */ = {isa = PBXFileReference; fileEncoding = 4; lastKnownFileType = text.json; path = "33650-recolor-plant.json"; sourceTree = "<group>"; };
		33D0027625A3144400E97811 /* 29583-flower.json */ = {isa = PBXFileReference; fileEncoding = 4; lastKnownFileType = text.json; path = "29583-flower.json"; sourceTree = "<group>"; };
		33E874C725A04332001F84FE /* NotoSansCJKkr-Regular.otf */ = {isa = PBXFileReference; lastKnownFileType = file; path = "NotoSansCJKkr-Regular.otf"; sourceTree = "<group>"; };
		33E874CA25A0434B001F84FE /* Roboto-Regular.ttf */ = {isa = PBXFileReference; lastKnownFileType = file; path = "Roboto-Regular.ttf"; sourceTree = "<group>"; };
		33E874CD25A04361001F84FE /* NotoSansCJKkr-Medium.otf */ = {isa = PBXFileReference; lastKnownFileType = file; path = "NotoSansCJKkr-Medium.otf"; sourceTree = "<group>"; };
		33E874D025A0437A001F84FE /* NotoSansCJKkr-Bold.otf */ = {isa = PBXFileReference; lastKnownFileType = file; path = "NotoSansCJKkr-Bold.otf"; sourceTree = "<group>"; };
		33E874D325A043B4001F84FE /* NotoSansCJKkr-Light.otf */ = {isa = PBXFileReference; lastKnownFileType = file; path = "NotoSansCJKkr-Light.otf"; sourceTree = "<group>"; };
		33E874D625A043CF001F84FE /* Roboto-Bold.ttf */ = {isa = PBXFileReference; lastKnownFileType = file; path = "Roboto-Bold.ttf"; sourceTree = "<group>"; };
		33E874D925A043F1001F84FE /* Roboto-Black.ttf */ = {isa = PBXFileReference; lastKnownFileType = file; path = "Roboto-Black.ttf"; sourceTree = "<group>"; };
		33E874DC25A04569001F84FE /* MyPage.storyboard */ = {isa = PBXFileReference; lastKnownFileType = file.storyboard; path = MyPage.storyboard; sourceTree = "<group>"; };
		33E874DF25A04746001F84FE /* CherishMain.storyboard */ = {isa = PBXFileReference; lastKnownFileType = file.storyboard; path = CherishMain.storyboard; sourceTree = "<group>"; };
		33E874E325A047DE001F84FE /* ShowMore.storyboard */ = {isa = PBXFileReference; lastKnownFileType = file.storyboard; path = ShowMore.storyboard; sourceTree = "<group>"; };
		33E874E725A04832001F84FE /* TabBar.storyboard */ = {isa = PBXFileReference; lastKnownFileType = file.storyboard; path = TabBar.storyboard; sourceTree = "<group>"; };
		33E874EB25A04892001F84FE /* CherishTabBarController.swift */ = {isa = PBXFileReference; lastKnownFileType = sourcecode.swift; path = CherishTabBarController.swift; sourceTree = "<group>"; };
		33E874F625A04A56001F84FE /* CherishMainVC.swift */ = {isa = PBXFileReference; lastKnownFileType = sourcecode.swift; path = CherishMainVC.swift; sourceTree = "<group>"; };
		33E874FA25A04A81001F84FE /* MyPageVC.swift */ = {isa = PBXFileReference; lastKnownFileType = sourcecode.swift; path = MyPageVC.swift; sourceTree = "<group>"; };
		33E874FD25A04A8D001F84FE /* ShowMoreVC.swift */ = {isa = PBXFileReference; lastKnownFileType = sourcecode.swift; path = ShowMoreVC.swift; sourceTree = "<group>"; };
		33E8750325A04D1E001F84FE /* CustomLabel.swift */ = {isa = PBXFileReference; lastKnownFileType = sourcecode.swift; path = CustomLabel.swift; sourceTree = "<group>"; };
		33E8750625A04DA2001F84FE /* UIColor+Additions.swift */ = {isa = PBXFileReference; fileEncoding = 4; lastKnownFileType = sourcecode.swift; path = "UIColor+Additions.swift"; sourceTree = "<group>"; };
		33E8751225A05623001F84FE /* CircularProgressBar.swift */ = {isa = PBXFileReference; lastKnownFileType = sourcecode.swift; path = CircularProgressBar.swift; sourceTree = "<group>"; };
		33E8751F25A05CE5001F84FE /* BackdropVC.swift */ = {isa = PBXFileReference; lastKnownFileType = sourcecode.swift; path = BackdropVC.swift; sourceTree = "<group>"; };
		33E8752225A05CFC001F84FE /* DetailContentVC.swift */ = {isa = PBXFileReference; lastKnownFileType = sourcecode.swift; path = DetailContentVC.swift; sourceTree = "<group>"; };
		33E8752525A05D34001F84FE /* MainContentVC.swift */ = {isa = PBXFileReference; lastKnownFileType = sourcecode.swift; path = MainContentVC.swift; sourceTree = "<group>"; };
		33E8753425A07A7F001F84FE /* CherishPeopleCVC.swift */ = {isa = PBXFileReference; lastKnownFileType = sourcecode.swift; path = CherishPeopleCVC.swift; sourceTree = "<group>"; };
		33E8754125A08CFE001F84FE /* CherishSelectPersonCVC.swift */ = {isa = PBXFileReference; lastKnownFileType = sourcecode.swift; path = CherishSelectPersonCVC.swift; sourceTree = "<group>"; };
		33E8754825A09440001F84FE /* NotificationName.swift */ = {isa = PBXFileReference; lastKnownFileType = sourcecode.swift; path = NotificationName.swift; sourceTree = "<group>"; };
		33E8754B25A0D272001F84FE /* ProgressBarView.swift */ = {isa = PBXFileReference; lastKnownFileType = sourcecode.swift; path = ProgressBarView.swift; sourceTree = "<group>"; };
		33EAA2EB25B15D4E00E75F95 /* AddUserNC.swift */ = {isa = PBXFileReference; lastKnownFileType = sourcecode.swift; path = AddUserNC.swift; sourceTree = "<group>"; };
		33EAA2EE25B17D3D00E75F95 /* PlantDetailCardService.swift */ = {isa = PBXFileReference; lastKnownFileType = sourcecode.swift; path = PlantDetailCardService.swift; sourceTree = "<group>"; };
		33EAA2F225B180C000E75F95 /* SplashVC.swift */ = {isa = PBXFileReference; lastKnownFileType = sourcecode.swift; path = SplashVC.swift; sourceTree = "<group>"; };
		33EDFBB425A1B533006367A7 /* PlantDetail.storyboard */ = {isa = PBXFileReference; lastKnownFileType = file.storyboard; path = PlantDetail.storyboard; sourceTree = "<group>"; };
		33EDFBB925A1B96D006367A7 /* PlantDetailVC.swift */ = {isa = PBXFileReference; lastKnownFileType = sourcecode.swift; path = PlantDetailVC.swift; sourceTree = "<group>"; };
		33FDB79F25A2904000F1EC6F /* KeywordCVCell.swift */ = {isa = PBXFileReference; lastKnownFileType = sourcecode.swift; path = KeywordCVCell.swift; sourceTree = "<group>"; };
		54425C2025ADBD9600E62BAB /* RecentKeywordData.swift */ = {isa = PBXFileReference; lastKnownFileType = sourcecode.swift; path = RecentKeywordData.swift; sourceTree = "<group>"; };
		54425C2325ADBE0700E62BAB /* RecentKeywordService.swift */ = {isa = PBXFileReference; lastKnownFileType = sourcecode.swift; path = RecentKeywordService.swift; sourceTree = "<group>"; };
		54425C2825AE32E100E62BAB /* KeywordReviewEditCVC.swift */ = {isa = PBXFileReference; lastKnownFileType = sourcecode.swift; path = KeywordReviewEditCVC.swift; sourceTree = "<group>"; };
		54425C3425AF51CB00E62BAB /* CalendarSeeData.swift */ = {isa = PBXFileReference; lastKnownFileType = sourcecode.swift; path = CalendarSeeData.swift; sourceTree = "<group>"; };
		54425C3925AF520A00E62BAB /* CalendarService.swift */ = {isa = PBXFileReference; lastKnownFileType = sourcecode.swift; path = CalendarService.swift; sourceTree = "<group>"; };
		54425C3C25AF58BF00E62BAB /* FetchCalendar.swift */ = {isa = PBXFileReference; lastKnownFileType = sourcecode.swift; path = FetchCalendar.swift; sourceTree = "<group>"; };
		54425C3F25AF5EBA00E62BAB /* CalendarKeyword.swift */ = {isa = PBXFileReference; lastKnownFileType = sourcecode.swift; path = CalendarKeyword.swift; sourceTree = "<group>"; };
		546A246F25ACD32800F869E2 /* WateringReviewService.swift */ = {isa = PBXFileReference; lastKnownFileType = sourcecode.swift; path = WateringReviewService.swift; sourceTree = "<group>"; };
		546A247225ACD53A00F869E2 /* WateringReviewData.swift */ = {isa = PBXFileReference; lastKnownFileType = sourcecode.swift; path = WateringReviewData.swift; sourceTree = "<group>"; };
		546A247525ACD62F00F869E2 /* WateringMotionVC.swift */ = {isa = PBXFileReference; lastKnownFileType = sourcecode.swift; path = WateringMotionVC.swift; sourceTree = "<group>"; };
		5478343525A76EBC0021C32B /* UIDevice+ScreenSize.swift */ = {isa = PBXFileReference; lastKnownFileType = sourcecode.swift; path = "UIDevice+ScreenSize.swift"; sourceTree = "<group>"; };
		5478343925A82B060021C32B /* ReviewEditVC.swift */ = {isa = PBXFileReference; lastKnownFileType = sourcecode.swift; path = ReviewEditVC.swift; sourceTree = "<group>"; };
		5478344A25AB65C20021C32B /* ShowMoreTVC.swift */ = {isa = PBXFileReference; lastKnownFileType = sourcecode.swift; path = ShowMoreTVC.swift; sourceTree = "<group>"; };
		5478344B25AB65C20021C32B /* ShowMoreTVC.xib */ = {isa = PBXFileReference; lastKnownFileType = file.xib; path = ShowMoreTVC.xib; sourceTree = "<group>"; };
		5478345025AB7D8E0021C32B /* ShowMoreNotImageTVC.swift */ = {isa = PBXFileReference; lastKnownFileType = sourcecode.swift; path = ShowMoreNotImageTVC.swift; sourceTree = "<group>"; };
		5478346A25AC6DF50021C32B /* LaterCheckData.swift */ = {isa = PBXFileReference; lastKnownFileType = sourcecode.swift; path = LaterCheckData.swift; sourceTree = "<group>"; };
		5478346E25AC72F90021C32B /* LaterService.swift */ = {isa = PBXFileReference; lastKnownFileType = sourcecode.swift; path = LaterService.swift; sourceTree = "<group>"; };
		5478347125AC75950021C32B /* WateringDayData.swift */ = {isa = PBXFileReference; lastKnownFileType = sourcecode.swift; path = WateringDayData.swift; sourceTree = "<group>"; };
		5478347425AC77600021C32B /* WateringDayService.swift */ = {isa = PBXFileReference; lastKnownFileType = sourcecode.swift; path = WateringDayService.swift; sourceTree = "<group>"; };
		5488922025A59486003839FC /* Calendar.storyboard */ = {isa = PBXFileReference; lastKnownFileType = file.storyboard; path = Calendar.storyboard; sourceTree = "<group>"; };
		5488922425A594CF003839FC /* CalendarVC.swift */ = {isa = PBXFileReference; lastKnownFileType = sourcecode.swift; name = CalendarVC.swift; path = "Cherish-iOS/Sources/View/CalendarVC.swift"; sourceTree = SOURCE_ROOT; };
		5488923425A5E962003839FC /* CalendarKeywordCVCell.swift */ = {isa = PBXFileReference; lastKnownFileType = sourcecode.swift; path = CalendarKeywordCVCell.swift; sourceTree = "<group>"; };
		5488923525A5E962003839FC /* CalendarKeywordCVCell.xib */ = {isa = PBXFileReference; lastKnownFileType = file.xib; path = CalendarKeywordCVCell.xib; sourceTree = "<group>"; };
		548DF15625A1A0470081FCD1 /* PopUpWatering.storyboard */ = {isa = PBXFileReference; lastKnownFileType = file.storyboard; path = PopUpWatering.storyboard; sourceTree = "<group>"; };
		548DF16225A1B3A80081FCD1 /* UIView+Extension.swift */ = {isa = PBXFileReference; lastKnownFileType = sourcecode.swift; path = "UIView+Extension.swift"; sourceTree = "<group>"; wrapsLines = 1; };
		548DF16B25A1B4390081FCD1 /* PopUpWateringVC.swift */ = {isa = PBXFileReference; lastKnownFileType = sourcecode.swift; path = PopUpWateringVC.swift; sourceTree = "<group>"; };
		548DF16E25A1B4AB0081FCD1 /* UITextField+Extension.swift */ = {isa = PBXFileReference; lastKnownFileType = sourcecode.swift; path = "UITextField+Extension.swift"; sourceTree = "<group>"; };
		548DF17125A1BB6D0081FCD1 /* PopUpContact.storyboard */ = {isa = PBXFileReference; lastKnownFileType = file.storyboard; path = PopUpContact.storyboard; sourceTree = "<group>"; };
		548DF17425A1BB7F0081FCD1 /* PopUpContactVC.swift */ = {isa = PBXFileReference; lastKnownFileType = sourcecode.swift; path = PopUpContactVC.swift; sourceTree = "<group>"; };
		548DF17A25A1EE610081FCD1 /* Review.storyboard */ = {isa = PBXFileReference; lastKnownFileType = file.storyboard; path = Review.storyboard; sourceTree = "<group>"; };
		548DF17D25A1EE730081FCD1 /* ReviewVC.swift */ = {isa = PBXFileReference; lastKnownFileType = sourcecode.swift; path = ReviewVC.swift; sourceTree = "<group>"; };
		548DF18B25A227A00081FCD1 /* KeywordCVC.swift */ = {isa = PBXFileReference; lastKnownFileType = sourcecode.swift; path = KeywordCVC.swift; sourceTree = "<group>"; };
		548DF19525A2E1620081FCD1 /* PopUpLater.storyboard */ = {isa = PBXFileReference; lastKnownFileType = file.storyboard; path = PopUpLater.storyboard; sourceTree = "<group>"; };
		548DF19825A2E1780081FCD1 /* PopUpLaterVC.swift */ = {isa = PBXFileReference; lastKnownFileType = sourcecode.swift; path = PopUpLaterVC.swift; sourceTree = "<group>"; };
		548DF1A725A395D20081FCD1 /* KeywordCanDeleteCVC.swift */ = {isa = PBXFileReference; lastKnownFileType = sourcecode.swift; path = KeywordCanDeleteCVC.swift; sourceTree = "<group>"; };
		548DF1AC25A4260E0081FCD1 /* CollectionViewAlign.swift */ = {isa = PBXFileReference; lastKnownFileType = sourcecode.swift; path = CollectionViewAlign.swift; sourceTree = "<group>"; };
		9214410125ACE7BD00853E53 /* AddUserService.swift */ = {isa = PBXFileReference; lastKnownFileType = sourcecode.swift; path = AddUserService.swift; sourceTree = "<group>"; };
		923F8CDE25A1C2E400EA04E5 /* InputDetailVC.swift */ = {isa = PBXFileReference; lastKnownFileType = sourcecode.swift; path = InputDetailVC.swift; sourceTree = "<group>"; };
		923F8CE225A1C2F700EA04E5 /* SelectFriendVC.swift */ = {isa = PBXFileReference; lastKnownFileType = sourcecode.swift; path = SelectFriendVC.swift; sourceTree = "<group>"; };
		9244DF0B25AB90F00014FF5D /* PlantResultVC.swift */ = {isa = PBXFileReference; lastKnownFileType = sourcecode.swift; path = PlantResultVC.swift; sourceTree = "<group>"; };
		9244DF1125AB92220014FF5D /* LoadingPopUpVC.swift */ = {isa = PBXFileReference; lastKnownFileType = sourcecode.swift; path = LoadingPopUpVC.swift; sourceTree = "<group>"; };
		92824D7825B145DB003D7678 /* MyPageSearchPlantVC.swift */ = {isa = PBXFileReference; lastKnownFileType = sourcecode.swift; path = MyPageSearchPlantVC.swift; sourceTree = "<group>"; };
		92824D7C25B145FA003D7678 /* MyPageSearchContactVC.swift */ = {isa = PBXFileReference; lastKnownFileType = sourcecode.swift; path = MyPageSearchContactVC.swift; sourceTree = "<group>"; };
		92824D9325B16E14003D7678 /* MyPageSearchPlantHeaderCell.swift */ = {isa = PBXFileReference; lastKnownFileType = sourcecode.swift; path = MyPageSearchPlantHeaderCell.swift; sourceTree = "<group>"; };
		92824D9A25B16E94003D7678 /* SearchPlantCell.swift */ = {isa = PBXFileReference; lastKnownFileType = sourcecode.swift; path = SearchPlantCell.swift; sourceTree = "<group>"; };
		92824D9B25B16E94003D7678 /* SearchPlantCell.xib */ = {isa = PBXFileReference; lastKnownFileType = file.xib; path = SearchPlantCell.xib; sourceTree = "<group>"; };
		92824DA125B19A7F003D7678 /* MypageNC.swift */ = {isa = PBXFileReference; lastKnownFileType = sourcecode.swift; path = MypageNC.swift; sourceTree = "<group>"; };
		92B0F9D825AEB15400AA411A /* AddUserData.swift */ = {isa = PBXFileReference; lastKnownFileType = sourcecode.swift; path = AddUserData.swift; sourceTree = "<group>"; };
		92B0F9E125AEE41600AA411A /* FetchedContact.swift */ = {isa = PBXFileReference; lastKnownFileType = sourcecode.swift; path = FetchedContact.swift; sourceTree = "<group>"; };
		92B0FA2B25B0F6A800AA411A /* NoPlantVC.swift */ = {isa = PBXFileReference; lastKnownFileType = sourcecode.swift; path = NoPlantVC.swift; sourceTree = "<group>"; };
		92B2306425A30F390024B8A8 /* Friend.swift */ = {isa = PBXFileReference; lastKnownFileType = sourcecode.swift; path = Friend.swift; sourceTree = "<group>"; };
		92DCC3DE25A8504F00160523 /* SelectFriendSearchBar.swift */ = {isa = PBXFileReference; lastKnownFileType = sourcecode.swift; path = SelectFriendSearchBar.swift; sourceTree = "<group>"; };
		92DCC3E825A85D7100160523 /* SelectFriendCell.swift */ = {isa = PBXFileReference; lastKnownFileType = sourcecode.swift; path = SelectFriendCell.swift; sourceTree = "<group>"; };
		92DCC3E925A85D7100160523 /* SelectFriendCell.xib */ = {isa = PBXFileReference; lastKnownFileType = file.xib; path = SelectFriendCell.xib; sourceTree = "<group>"; };
		92E8E39625A1B13F001F1FB4 /* AddUser.storyboard */ = {isa = PBXFileReference; lastKnownFileType = file.storyboard; path = AddUser.storyboard; sourceTree = "<group>"; };
		DAA60C0D230FDF9D184F4B6C /* Pods-Cherish-iOS.debug.xcconfig */ = {isa = PBXFileReference; includeInIndex = 1; lastKnownFileType = text.xcconfig; name = "Pods-Cherish-iOS.debug.xcconfig"; path = "Target Support Files/Pods-Cherish-iOS/Pods-Cherish-iOS.debug.xcconfig"; sourceTree = "<group>"; };
		F67D9DFE41871E0883A26838 /* Pods-Cherish-iOS.release.xcconfig */ = {isa = PBXFileReference; includeInIndex = 1; lastKnownFileType = text.xcconfig; name = "Pods-Cherish-iOS.release.xcconfig"; path = "Target Support Files/Pods-Cherish-iOS/Pods-Cherish-iOS.release.xcconfig"; sourceTree = "<group>"; };
/* End PBXFileReference section */

/* Begin PBXFrameworksBuildPhase section */
		33851C6D259A5541005BCFFD /* Frameworks */ = {
			isa = PBXFrameworksBuildPhase;
			buildActionMask = 2147483647;
			files = (
				6267145A78CCE15A17811AB0 /* Pods_Cherish_iOS.framework in Frameworks */,
			);
			runOnlyForDeploymentPostprocessing = 0;
		};
/* End PBXFrameworksBuildPhase section */

/* Begin PBXGroup section */
		3317777D25B0568600CC1030 /* Gif */ = {
			isa = PBXGroup;
			children = (
				332AFC4925B1102E00689594 /* min_bad_iOS.gif */,
				332AFC4825B1102E00689594 /* min_watering_ios.gif */,
				3317777F25B0569C00CC1030 /* real_min.gif */,
			);
			path = Gif;
			sourceTree = "<group>";
		};
		3317778425B0915B00CC1030 /* Mypage */ = {
			isa = PBXGroup;
			children = (
				3317778525B0916800CC1030 /* MypageService.swift */,
			);
			path = Mypage;
			sourceTree = "<group>";
		};
		332CC7AD25A7015100D0047D /* Mypage */ = {
			isa = PBXGroup;
			children = (
				332CC7AF25A7018400D0047D /* MypagePlantTVC.swift */,
				332CC7B225A701A400D0047D /* MypageContactTVC.swift */,
				92824D9325B16E14003D7678 /* MyPageSearchPlantHeaderCell.swift */,
				92824D9A25B16E94003D7678 /* SearchPlantCell.swift */,
				92824D9B25B16E94003D7678 /* SearchPlantCell.xib */,
			);
			path = Mypage;
			sourceTree = "<group>";
		};
		332CC7BB25A707AF00D0047D /* Mypage */ = {
			isa = PBXGroup;
			children = (
				332CC7BC25A707BD00D0047D /* MypagePlantData.swift */,
				332CC7C025A72A4800D0047D /* MypageContactData.swift */,
				3317778A25B0921500CC1030 /* MypageData.swift */,
			);
			path = Mypage;
			sourceTree = "<group>";
		};
		337A5CB725A8544D00578130 /* Login */ = {
			isa = PBXGroup;
			children = (
				337A5CB825A8545E00578130 /* LoginVC.swift */,
			);
			path = Login;
			sourceTree = "<group>";
		};
		33805F7C25AC61F8005CED0F /* Login */ = {
			isa = PBXGroup;
			children = (
				33805F7D25AC6209005CED0F /* LoginService.swift */,
			);
			path = Login;
			sourceTree = "<group>";
		};
		33805F8125AC62A9005CED0F /* Login */ = {
			isa = PBXGroup;
			children = (
				33805F8225AC62B3005CED0F /* LoginData.swift */,
			);
			path = Login;
			sourceTree = "<group>";
		};
		33805F8725AC7387005CED0F /* Main */ = {
			isa = PBXGroup;
			children = (
				33805F8825AC739D005CED0F /* MainService.swift */,
				33805F9625ACE24E005CED0F /* PlantDetailService.swift */,
				33EAA2EE25B17D3D00E75F95 /* PlantDetailCardService.swift */,
			);
			path = Main;
			sourceTree = "<group>";
		};
		33805F8C25AC73A5005CED0F /* Main */ = {
			isa = PBXGroup;
			children = (
				33805F8D25AC73B1005CED0F /* MainData.swift */,
				33201B1425AE419F001A94E4 /* MainSelectedData.swift */,
			);
			path = Main;
			sourceTree = "<group>";
		};
		33851C67259A5541005BCFFD = {
			isa = PBXGroup;
			children = (
				33851C72259A5541005BCFFD /* Cherish-iOS */,
				33851C71259A5541005BCFFD /* Products */,
				E02009D7188E5585214F245E /* Pods */,
				B229733EA498ABC825B548EB /* Frameworks */,
			);
			sourceTree = "<group>";
		};
		33851C71259A5541005BCFFD /* Products */ = {
			isa = PBXGroup;
			children = (
				33851C70259A5541005BCFFD /* Cherish-iOS.app */,
			);
			name = Products;
			sourceTree = "<group>";
		};
		33851C72259A5541005BCFFD /* Cherish-iOS */ = {
			isa = PBXGroup;
			children = (
				3346B34325AB653D00EF5E14 /* Cherish-iOS.entitlements */,
				33851C88259A5AC5005BCFFD /* Resources */,
				33851C89259A5AD6005BCFFD /* Sources */,
				33851C81259A5542005BCFFD /* Info.plist */,
				33201B2125AF3F23001A94E4 /* GoogleService-Info.plist */,
			);
			path = "Cherish-iOS";
			sourceTree = "<group>";
		};
		33851C88259A5AC5005BCFFD /* Resources */ = {
			isa = PBXGroup;
			children = (
				33851C73259A5541005BCFFD /* AppDelegate.swift */,
				33851C75259A5541005BCFFD /* SceneDelegate.swift */,
				33851C7C259A5542005BCFFD /* Assets.xcassets */,
				5488921D25A593BC003839FC /* CalendarStoryboard */,
				548DF15525A1A0000081FCD1 /* WateringStoryboard */,
				33851C8A259A5AE2005BCFFD /* Storyboard */,
				33851C8B259A5AEE005BCFFD /* APIService */,
				33D0027125A30E3000E97811 /* LottieAnimationFile */,
				3317777D25B0568600CC1030 /* Gif */,
				33851C8C259A5AF6005BCFFD /* Font */,
			);
			path = Resources;
			sourceTree = "<group>";
		};
		33851C89259A5AD6005BCFFD /* Sources */ = {
			isa = PBXGroup;
			children = (
				33851C8D259A5B0E005BCFFD /*  VC */,
				33851C8F259A5B18005BCFFD /* Cell */,
				33851C90259A5B1F005BCFFD /* Model */,
				33851C8E259A5B14005BCFFD /* Class */,
				33CAF85825A267500050DE29 /* View */,
				33851C91259A5B23005BCFFD /* Extension */,
			);
			path = Sources;
			sourceTree = "<group>";
		};
		33851C8A259A5AE2005BCFFD /* Storyboard */ = {
			isa = PBXGroup;
			children = (
				33E874E725A04832001F84FE /* TabBar.storyboard */,
				33E874DF25A04746001F84FE /* CherishMain.storyboard */,
				33E874DC25A04569001F84FE /* MyPage.storyboard */,
				33E874E325A047DE001F84FE /* ShowMore.storyboard */,
				33851C7E259A5542005BCFFD /* LaunchScreen.storyboard */,
				92E8E39625A1B13F001F1FB4 /* AddUser.storyboard */,
				33EDFBB425A1B533006367A7 /* PlantDetail.storyboard */,
				337A5CB425A8543600578130 /* Login.storyboard */,
			);
			path = Storyboard;
			sourceTree = "<group>";
		};
		33851C8B259A5AEE005BCFFD /* APIService */ = {
			isa = PBXGroup;
			children = (
				33851C92259A5B68005BCFFD /* APIConstants.swift */,
				33851C98259A5C00005BCFFD /* NetworkResult.swift */,
				3317778425B0915B00CC1030 /* Mypage */,
				54425C3825AF51F200E62BAB /* Calendar */,
				9214410025ACE5B000853E53 /* AddUser */,
				5478346D25AC72C40021C32B /* Watering */,
				33805F8725AC7387005CED0F /* Main */,
				33805F7C25AC61F8005CED0F /* Login */,
			);
			path = APIService;
			sourceTree = "<group>";
		};
		33851C8C259A5AF6005BCFFD /* Font */ = {
			isa = PBXGroup;
			children = (
				33E874D925A043F1001F84FE /* Roboto-Black.ttf */,
				3317778D25B0AAC200CC1030 /* Roboto-Medium.ttf */,
				33E874D625A043CF001F84FE /* Roboto-Bold.ttf */,
				33E874D325A043B4001F84FE /* NotoSansCJKkr-Light.otf */,
				33E874D025A0437A001F84FE /* NotoSansCJKkr-Bold.otf */,
				33E874CD25A04361001F84FE /* NotoSansCJKkr-Medium.otf */,
				33E874CA25A0434B001F84FE /* Roboto-Regular.ttf */,
				33E874C725A04332001F84FE /* NotoSansCJKkr-Regular.otf */,
			);
			path = Font;
			sourceTree = "<group>";
		};
		33851C8D259A5B0E005BCFFD /*  VC */ = {
			isa = PBXGroup;
			children = (
				33EAA2F225B180C000E75F95 /* SplashVC.swift */,
				337A5CB725A8544D00578130 /* Login */,
				5488922325A594B9003839FC /* Calendar */,
				548DF16525A1B3E60081FCD1 /* Watering */,
				923F8CDD25A1C2A900EA04E5 /* AddUser */,
				33E874EA25A04860001F84FE /* TabBar */,
				33E874F325A049A7001F84FE /* CherishMain */,
				33EDFBB725A1B549006367A7 /* PlantDetail */,
				33E874F425A049AE001F84FE /* MyPage */,
				33E874F525A049B7001F84FE /* ShowMore */,
			);
			path = " VC";
			sourceTree = "<group>";
		};
		33851C8E259A5B14005BCFFD /* Class */ = {
			isa = PBXGroup;
			children = (
				332CC7A825A6F41E00D0047D /* CustomSegmentedControl.swift */,
				332CC7A725A6F41E00D0047D /* MyPageUtils.swift */,
				33E8750325A04D1E001F84FE /* CustomLabel.swift */,
				33E8751225A05623001F84FE /* CircularProgressBar.swift */,
				33E8754B25A0D272001F84FE /* ProgressBarView.swift */,
				548DF1AC25A4260E0081FCD1 /* CollectionViewAlign.swift */,
			);
			path = Class;
			sourceTree = "<group>";
		};
		33851C8F259A5B18005BCFFD /* Cell */ = {
			isa = PBXGroup;
			children = (
				5478344925AB65250021C32B /* ShowMore */,
				332CC7AD25A7015100D0047D /* Mypage */,
				5488923125A5E748003839FC /* Calendar */,
				92B2305F25A30DBD0024B8A8 /* AddUser */,
				33FDB79E25A2900C00F1EC6F /* PlantDetail */,
				548DF17725A1C1480081FCD1 /* Watering */,
				33E8753325A07A63001F84FE /* CherishMain */,
			);
			path = Cell;
			sourceTree = "<group>";
		};
		33851C90259A5B1F005BCFFD /* Model */ = {
			isa = PBXGroup;
			children = (
				54425C3325AF519E00E62BAB /* Calendar */,
				92B0F9E025AEE40600AA411A /* Contact */,
				5478346525AC6A690021C32B /* Watering */,
				33805F8C25AC73A5005CED0F /* Main */,
				33805F8125AC62A9005CED0F /* Login */,
				332CC7BB25A707AF00D0047D /* Mypage */,
				92B2306325A30F270024B8A8 /* AddUser */,
				33D0025525A2914600E97811 /* PlantDetail */,
				33851C9C259A5C25005BCFFD /* GenericResponse.swift */,
			);
			path = Model;
			sourceTree = "<group>";
		};
		33851C91259A5B23005BCFFD /* Extension */ = {
			isa = PBXGroup;
			children = (
				5478343525A76EBC0021C32B /* UIDevice+ScreenSize.swift */,
				33E8750625A04DA2001F84FE /* UIColor+Additions.swift */,
				33E8754825A09440001F84FE /* NotificationName.swift */,
				548DF16225A1B3A80081FCD1 /* UIView+Extension.swift */,
				548DF16E25A1B4AB0081FCD1 /* UITextField+Extension.swift */,
				337A5CBC25A868C000578130 /* UIButton+Extention.swift */,
				3317777725B042C200CC1030 /* UIImage+Extension.swift */,
			);
			path = Extension;
			sourceTree = "<group>";
		};
		33CAF85825A267500050DE29 /* View */ = {
			isa = PBXGroup;
			children = (
				33CAF85525A2674A0050DE29 /* CircularProgressView.swift */,
			);
			path = View;
			sourceTree = "<group>";
		};
		33D0025525A2914600E97811 /* PlantDetail */ = {
			isa = PBXGroup;
			children = (
				33805F9925ACE78A005CED0F /* PlantDetailData.swift */,
				33D0026E25A30AB700E97811 /* PlantDetailExplainData.swift */,
				33201B0F25AE2EBC001A94E4 /* PlantDetailCardData.swift */,
			);
			path = PlantDetail;
			sourceTree = "<group>";
		};
		33D0027125A30E3000E97811 /* LottieAnimationFile */ = {
			isa = PBXGroup;
			children = (
				33D0027225A30E4700E97811 /* 38217-money-growth.json */,
				33D0027625A3144400E97811 /* 29583-flower.json */,
				33D0027525A3144400E97811 /* 33650-recolor-plant.json */,
			);
			path = LottieAnimationFile;
			sourceTree = "<group>";
		};
		33E874EA25A04860001F84FE /* TabBar */ = {
			isa = PBXGroup;
			children = (
				33E874EB25A04892001F84FE /* CherishTabBarController.swift */,
			);
			path = TabBar;
			sourceTree = "<group>";
		};
		33E874F325A049A7001F84FE /* CherishMain */ = {
			isa = PBXGroup;
			children = (
				33E874F625A04A56001F84FE /* CherishMainVC.swift */,
				33E8752525A05D34001F84FE /* MainContentVC.swift */,
				33E8751F25A05CE5001F84FE /* BackdropVC.swift */,
				33E8752225A05CFC001F84FE /* DetailContentVC.swift */,
				33CAF85125A249DC0050DE29 /* CherishMainNC.swift */,
				3346B34625AB77E300EF5E14 /* AlarmVC.swift */,
			);
			path = CherishMain;
			sourceTree = "<group>";
		};
		33E874F425A049AE001F84FE /* MyPage */ = {
			isa = PBXGroup;
			children = (
				33E874FA25A04A81001F84FE /* MyPageVC.swift */,
				332CC7B525A7027D00D0047D /* MypagePlantVC.swift */,
				332CC7B825A7028A00D0047D /* MypageContactVC.swift */,
				92824D7825B145DB003D7678 /* MyPageSearchPlantVC.swift */,
				92824D7C25B145FA003D7678 /* MyPageSearchContactVC.swift */,
				92824DA125B19A7F003D7678 /* MypageNC.swift */,
			);
			path = MyPage;
			sourceTree = "<group>";
		};
		33E874F525A049B7001F84FE /* ShowMore */ = {
			isa = PBXGroup;
			children = (
				33E874FD25A04A8D001F84FE /* ShowMoreVC.swift */,
			);
			path = ShowMore;
			sourceTree = "<group>";
		};
		33E8753325A07A63001F84FE /* CherishMain */ = {
			isa = PBXGroup;
			children = (
				33E8753425A07A7F001F84FE /* CherishPeopleCVC.swift */,
				33E8754125A08CFE001F84FE /* CherishSelectPersonCVC.swift */,
			);
			path = CherishMain;
			sourceTree = "<group>";
		};
		33EDFBB725A1B549006367A7 /* PlantDetail */ = {
			isa = PBXGroup;
			children = (
				33EDFBB925A1B96D006367A7 /* PlantDetailVC.swift */,
				33D0026525A3036800E97811 /* PlantDetailPopUpExplainVC.swift */,
			);
			path = PlantDetail;
			sourceTree = "<group>";
		};
		33FDB79E25A2900C00F1EC6F /* PlantDetail */ = {
			isa = PBXGroup;
			children = (
				33FDB79F25A2904000F1EC6F /* KeywordCVCell.swift */,
				33D0026825A3093500E97811 /* PlantExplainCVC.swift */,
			);
			path = PlantDetail;
			sourceTree = "<group>";
		};
		54425C3325AF519E00E62BAB /* Calendar */ = {
			isa = PBXGroup;
			children = (
				54425C3425AF51CB00E62BAB /* CalendarSeeData.swift */,
				54425C3C25AF58BF00E62BAB /* FetchCalendar.swift */,
				54425C3F25AF5EBA00E62BAB /* CalendarKeyword.swift */,
			);
			path = Calendar;
			sourceTree = "<group>";
		};
		54425C3825AF51F200E62BAB /* Calendar */ = {
			isa = PBXGroup;
			children = (
				54425C3925AF520A00E62BAB /* CalendarService.swift */,
			);
			path = Calendar;
			sourceTree = "<group>";
		};
		5478344925AB65250021C32B /* ShowMore */ = {
			isa = PBXGroup;
			children = (
				5478344A25AB65C20021C32B /* ShowMoreTVC.swift */,
				5478344B25AB65C20021C32B /* ShowMoreTVC.xib */,
				5478345025AB7D8E0021C32B /* ShowMoreNotImageTVC.swift */,
			);
			path = ShowMore;
			sourceTree = "<group>";
		};
		5478346525AC6A690021C32B /* Watering */ = {
			isa = PBXGroup;
			children = (
				5478346A25AC6DF50021C32B /* LaterCheckData.swift */,
				5478347125AC75950021C32B /* WateringDayData.swift */,
				546A247225ACD53A00F869E2 /* WateringReviewData.swift */,
				54425C2025ADBD9600E62BAB /* RecentKeywordData.swift */,
			);
			path = Watering;
			sourceTree = "<group>";
		};
		5478346D25AC72C40021C32B /* Watering */ = {
			isa = PBXGroup;
			children = (
				5478346E25AC72F90021C32B /* LaterService.swift */,
				5478347425AC77600021C32B /* WateringDayService.swift */,
				546A246F25ACD32800F869E2 /* WateringReviewService.swift */,
				54425C2325ADBE0700E62BAB /* RecentKeywordService.swift */,
			);
			path = Watering;
			sourceTree = "<group>";
		};
		5488921D25A593BC003839FC /* CalendarStoryboard */ = {
			isa = PBXGroup;
			children = (
				5488922025A59486003839FC /* Calendar.storyboard */,
			);
			path = CalendarStoryboard;
			sourceTree = "<group>";
		};
		5488922325A594B9003839FC /* Calendar */ = {
			isa = PBXGroup;
			children = (
				5488922425A594CF003839FC /* CalendarVC.swift */,
				5478343925A82B060021C32B /* ReviewEditVC.swift */,
			);
			path = Calendar;
			sourceTree = "<group>";
		};
		5488923125A5E748003839FC /* Calendar */ = {
			isa = PBXGroup;
			children = (
				5488923425A5E962003839FC /* CalendarKeywordCVCell.swift */,
				5488923525A5E962003839FC /* CalendarKeywordCVCell.xib */,
			);
			path = Calendar;
			sourceTree = "<group>";
		};
		548DF15525A1A0000081FCD1 /* WateringStoryboard */ = {
			isa = PBXGroup;
			children = (
				548DF15625A1A0470081FCD1 /* PopUpWatering.storyboard */,
				548DF17125A1BB6D0081FCD1 /* PopUpContact.storyboard */,
				548DF17A25A1EE610081FCD1 /* Review.storyboard */,
				548DF19525A2E1620081FCD1 /* PopUpLater.storyboard */,
			);
			path = WateringStoryboard;
			sourceTree = "<group>";
		};
		548DF16525A1B3E60081FCD1 /* Watering */ = {
			isa = PBXGroup;
			children = (
				548DF16B25A1B4390081FCD1 /* PopUpWateringVC.swift */,
				548DF17425A1BB7F0081FCD1 /* PopUpContactVC.swift */,
				548DF17D25A1EE730081FCD1 /* ReviewVC.swift */,
				548DF19825A2E1780081FCD1 /* PopUpLaterVC.swift */,
				546A247525ACD62F00F869E2 /* WateringMotionVC.swift */,
			);
			path = Watering;
			sourceTree = "<group>";
		};
		548DF17725A1C1480081FCD1 /* Watering */ = {
			isa = PBXGroup;
			children = (
				548DF18B25A227A00081FCD1 /* KeywordCVC.swift */,
				548DF1A725A395D20081FCD1 /* KeywordCanDeleteCVC.swift */,
				54425C2825AE32E100E62BAB /* KeywordReviewEditCVC.swift */,
			);
			path = Watering;
			sourceTree = "<group>";
		};
		9214410025ACE5B000853E53 /* AddUser */ = {
			isa = PBXGroup;
			children = (
				9214410125ACE7BD00853E53 /* AddUserService.swift */,
			);
			path = AddUser;
			sourceTree = "<group>";
		};
		923F8CDD25A1C2A900EA04E5 /* AddUser */ = {
			isa = PBXGroup;
			children = (
				923F8CDE25A1C2E400EA04E5 /* InputDetailVC.swift */,
				923F8CE225A1C2F700EA04E5 /* SelectFriendVC.swift */,
				92DCC3DE25A8504F00160523 /* SelectFriendSearchBar.swift */,
				9244DF0B25AB90F00014FF5D /* PlantResultVC.swift */,
				9244DF1125AB92220014FF5D /* LoadingPopUpVC.swift */,
				92B0FA2B25B0F6A800AA411A /* NoPlantVC.swift */,
				33EAA2EB25B15D4E00E75F95 /* AddUserNC.swift */,
			);
			path = AddUser;
			sourceTree = "<group>";
		};
		92B0F9E025AEE40600AA411A /* Contact */ = {
			isa = PBXGroup;
			children = (
				92B0F9E125AEE41600AA411A /* FetchedContact.swift */,
			);
			path = Contact;
			sourceTree = "<group>";
		};
		92B2305F25A30DBD0024B8A8 /* AddUser */ = {
			isa = PBXGroup;
			children = (
				92DCC3E825A85D7100160523 /* SelectFriendCell.swift */,
				92DCC3E925A85D7100160523 /* SelectFriendCell.xib */,
			);
			path = AddUser;
			sourceTree = "<group>";
		};
		92B2306325A30F270024B8A8 /* AddUser */ = {
			isa = PBXGroup;
			children = (
				92B2306425A30F390024B8A8 /* Friend.swift */,
				92B0F9D825AEB15400AA411A /* AddUserData.swift */,
			);
			path = AddUser;
			sourceTree = "<group>";
		};
		B229733EA498ABC825B548EB /* Frameworks */ = {
			isa = PBXGroup;
			children = (
				3317F22D029D112E0B804F84 /* Pods_Cherish_iOS.framework */,
			);
			name = Frameworks;
			sourceTree = "<group>";
		};
		E02009D7188E5585214F245E /* Pods */ = {
			isa = PBXGroup;
			children = (
				DAA60C0D230FDF9D184F4B6C /* Pods-Cherish-iOS.debug.xcconfig */,
				F67D9DFE41871E0883A26838 /* Pods-Cherish-iOS.release.xcconfig */,
			);
			path = Pods;
			sourceTree = "<group>";
		};
/* End PBXGroup section */

/* Begin PBXNativeTarget section */
		33851C6F259A5541005BCFFD /* Cherish-iOS */ = {
			isa = PBXNativeTarget;
			buildConfigurationList = 33851C84259A5542005BCFFD /* Build configuration list for PBXNativeTarget "Cherish-iOS" */;
			buildPhases = (
				015B669B81E80A7D1E57D08A /* [CP] Check Pods Manifest.lock */,
				33851C6C259A5541005BCFFD /* Sources */,
				33851C6D259A5541005BCFFD /* Frameworks */,
				33851C6E259A5541005BCFFD /* Resources */,
				C297473358F1599870225A3D /* [CP] Embed Pods Frameworks */,
			);
			buildRules = (
			);
			dependencies = (
			);
			name = "Cherish-iOS";
			productName = "Cherish-iOS";
			productReference = 33851C70259A5541005BCFFD /* Cherish-iOS.app */;
			productType = "com.apple.product-type.application";
		};
/* End PBXNativeTarget section */

/* Begin PBXProject section */
		33851C68259A5541005BCFFD /* Project object */ = {
			isa = PBXProject;
			attributes = {
				LastSwiftUpdateCheck = 1230;
				LastUpgradeCheck = 1230;
				TargetAttributes = {
					33851C6F259A5541005BCFFD = {
						CreatedOnToolsVersion = 12.3;
					};
				};
			};
			buildConfigurationList = 33851C6B259A5541005BCFFD /* Build configuration list for PBXProject "Cherish-iOS" */;
			compatibilityVersion = "Xcode 9.3";
			developmentRegion = en;
			hasScannedForEncodings = 0;
			knownRegions = (
				en,
				Base,
			);
			mainGroup = 33851C67259A5541005BCFFD;
			productRefGroup = 33851C71259A5541005BCFFD /* Products */;
			projectDirPath = "";
			projectRoot = "";
			targets = (
				33851C6F259A5541005BCFFD /* Cherish-iOS */,
			);
		};
/* End PBXProject section */

/* Begin PBXResourcesBuildPhase section */
		33851C6E259A5541005BCFFD /* Resources */ = {
			isa = PBXResourcesBuildPhase;
			buildActionMask = 2147483647;
			files = (
				33E874E025A04746001F84FE /* CherishMain.storyboard in Resources */,
				332AFC4A25B1102E00689594 /* min_watering_ios.gif in Resources */,
				33D0027325A30E4700E97811 /* 38217-money-growth.json in Resources */,
				33851C80259A5542005BCFFD /* LaunchScreen.storyboard in Resources */,
				92DCC3EB25A85D7100160523 /* SelectFriendCell.xib in Resources */,
				33201B2225AF3F23001A94E4 /* GoogleService-Info.plist in Resources */,
				33E874E825A04832001F84FE /* TabBar.storyboard in Resources */,
				332AFC4B25B1102E00689594 /* min_bad_iOS.gif in Resources */,
				33E874C825A04332001F84FE /* NotoSansCJKkr-Regular.otf in Resources */,
				33E874CB25A0434B001F84FE /* Roboto-Regular.ttf in Resources */,
				33851C7D259A5542005BCFFD /* Assets.xcassets in Resources */,
				5488923725A5E962003839FC /* CalendarKeywordCVCell.xib in Resources */,
				5488922125A59486003839FC /* Calendar.storyboard in Resources */,
				33E874D125A0437A001F84FE /* NotoSansCJKkr-Bold.otf in Resources */,
				33E874E425A047DE001F84FE /* ShowMore.storyboard in Resources */,
				92DCC3E525A85D1D00160523 /* AddUser.storyboard in Resources */,
				548DF15725A1A0470081FCD1 /* PopUpWatering.storyboard in Resources */,
				5478344D25AB65C30021C32B /* ShowMoreTVC.xib in Resources */,
				33E874D725A043CF001F84FE /* Roboto-Bold.ttf in Resources */,
				33D0027825A3144400E97811 /* 29583-flower.json in Resources */,
				33EDFBB525A1B533006367A7 /* PlantDetail.storyboard in Resources */,
				337A5CB525A8543600578130 /* Login.storyboard in Resources */,
				92824D9D25B16E94003D7678 /* SearchPlantCell.xib in Resources */,
				3317778F25B0B7D900CC1030 /* Roboto-Medium.ttf in Resources */,
				33E874DD25A04569001F84FE /* MyPage.storyboard in Resources */,
				33D0027725A3144400E97811 /* 33650-recolor-plant.json in Resources */,
				33E874D425A043B4001F84FE /* NotoSansCJKkr-Light.otf in Resources */,
				33E874DA25A043F1001F84FE /* Roboto-Black.ttf in Resources */,
				548DF19625A2E1620081FCD1 /* PopUpLater.storyboard in Resources */,
				548DF17225A1BB6D0081FCD1 /* PopUpContact.storyboard in Resources */,
				3317778025B0569C00CC1030 /* real_min.gif in Resources */,
				33E874CE25A04361001F84FE /* NotoSansCJKkr-Medium.otf in Resources */,
				548DF17B25A1EE610081FCD1 /* Review.storyboard in Resources */,
			);
			runOnlyForDeploymentPostprocessing = 0;
		};
/* End PBXResourcesBuildPhase section */

/* Begin PBXShellScriptBuildPhase section */
		015B669B81E80A7D1E57D08A /* [CP] Check Pods Manifest.lock */ = {
			isa = PBXShellScriptBuildPhase;
			buildActionMask = 2147483647;
			files = (
			);
			inputFileListPaths = (
			);
			inputPaths = (
				"${PODS_PODFILE_DIR_PATH}/Podfile.lock",
				"${PODS_ROOT}/Manifest.lock",
			);
			name = "[CP] Check Pods Manifest.lock";
			outputFileListPaths = (
			);
			outputPaths = (
				"$(DERIVED_FILE_DIR)/Pods-Cherish-iOS-checkManifestLockResult.txt",
			);
			runOnlyForDeploymentPostprocessing = 0;
			shellPath = /bin/sh;
			shellScript = "diff \"${PODS_PODFILE_DIR_PATH}/Podfile.lock\" \"${PODS_ROOT}/Manifest.lock\" > /dev/null\nif [ $? != 0 ] ; then\n    # print error to STDERR\n    echo \"error: The sandbox is not in sync with the Podfile.lock. Run 'pod install' or update your CocoaPods installation.\" >&2\n    exit 1\nfi\n# This output is used by Xcode 'outputs' to avoid re-running this script phase.\necho \"SUCCESS\" > \"${SCRIPT_OUTPUT_FILE_0}\"\n";
			showEnvVarsInLog = 0;
		};
		C297473358F1599870225A3D /* [CP] Embed Pods Frameworks */ = {
			isa = PBXShellScriptBuildPhase;
			buildActionMask = 2147483647;
			files = (
			);
			inputFileListPaths = (
				"${PODS_ROOT}/Target Support Files/Pods-Cherish-iOS/Pods-Cherish-iOS-frameworks-${CONFIGURATION}-input-files.xcfilelist",
			);
			name = "[CP] Embed Pods Frameworks";
			outputFileListPaths = (
				"${PODS_ROOT}/Target Support Files/Pods-Cherish-iOS/Pods-Cherish-iOS-frameworks-${CONFIGURATION}-output-files.xcfilelist",
			);
			runOnlyForDeploymentPostprocessing = 0;
			shellPath = /bin/sh;
			shellScript = "\"${PODS_ROOT}/Target Support Files/Pods-Cherish-iOS/Pods-Cherish-iOS-frameworks.sh\"\n";
			showEnvVarsInLog = 0;
		};
/* End PBXShellScriptBuildPhase section */

/* Begin PBXSourcesBuildPhase section */
		33851C6C259A5541005BCFFD /* Sources */ = {
			isa = PBXSourcesBuildPhase;
			buildActionMask = 2147483647;
			files = (
				3317778B25B0921500CC1030 /* MypageData.swift in Sources */,
				548DF1AD25A4260E0081FCD1 /* CollectionViewAlign.swift in Sources */,
				92824D7D25B145FA003D7678 /* MyPageSearchContactVC.swift in Sources */,
				9244DF1225AB92220014FF5D /* LoadingPopUpVC.swift in Sources */,
				33805F8325AC62B3005CED0F /* LoginData.swift in Sources */,
				33CAF85225A249DC0050DE29 /* CherishMainNC.swift in Sources */,
				33EAA2F325B180C000E75F95 /* SplashVC.swift in Sources */,
				5488922525A594CF003839FC /* CalendarVC.swift in Sources */,
				548DF16325A1B3A80081FCD1 /* UIView+Extension.swift in Sources */,
				5478345225AB7D8E0021C32B /* ShowMoreNotImageTVC.swift in Sources */,
				33E874EC25A04892001F84FE /* CherishTabBarController.swift in Sources */,
				5478343A25A82B060021C32B /* ReviewEditVC.swift in Sources */,
				33805F8E25AC73B1005CED0F /* MainData.swift in Sources */,
				548DF18D25A227A00081FCD1 /* KeywordCVC.swift in Sources */,
				923F8CE325A1C2F700EA04E5 /* SelectFriendVC.swift in Sources */,
				33E8750725A04DA2001F84FE /* UIColor+Additions.swift in Sources */,
				332CC7A925A6F41E00D0047D /* MyPageUtils.swift in Sources */,
				92824D7925B145DB003D7678 /* MyPageSearchPlantVC.swift in Sources */,
				9244DF0C25AB90F00014FF5D /* PlantResultVC.swift in Sources */,
				332CC7B025A7018400D0047D /* MypagePlantTVC.swift in Sources */,
				54425C3A25AF520A00E62BAB /* CalendarService.swift in Sources */,
				332CC7B625A7027D00D0047D /* MypagePlantVC.swift in Sources */,
				9214410225ACE7BD00853E53 /* AddUserService.swift in Sources */,
				923F8CDF25A1C2E400EA04E5 /* InputDetailVC.swift in Sources */,
				33E874FE25A04A8D001F84FE /* ShowMoreVC.swift in Sources */,
				33E874FB25A04A81001F84FE /* MyPageVC.swift in Sources */,
				33851C9D259A5C25005BCFFD /* GenericResponse.swift in Sources */,
				33851C93259A5B68005BCFFD /* APIConstants.swift in Sources */,
				33201B1025AE2EBC001A94E4 /* PlantDetailCardData.swift in Sources */,
				54425C2925AE32E100E62BAB /* KeywordReviewEditCVC.swift in Sources */,
				548DF1A925A395D20081FCD1 /* KeywordCanDeleteCVC.swift in Sources */,
				33FDB7A025A2904000F1EC6F /* KeywordCVCell.swift in Sources */,
				337A5CBD25A868C000578130 /* UIButton+Extention.swift in Sources */,
				54425C4025AF5EBA00E62BAB /* CalendarKeyword.swift in Sources */,
				92824D9425B16E14003D7678 /* MyPageSearchPlantHeaderCell.swift in Sources */,
				33D0026F25A30AB700E97811 /* PlantDetailExplainData.swift in Sources */,
				5478346F25AC72F90021C32B /* LaterService.swift in Sources */,
				5488923625A5E962003839FC /* CalendarKeywordCVCell.swift in Sources */,
				92B2306525A30F390024B8A8 /* Friend.swift in Sources */,
				548DF17525A1BB7F0081FCD1 /* PopUpContactVC.swift in Sources */,
				5478347525AC77600021C32B /* WateringDayService.swift in Sources */,
				3346B34725AB77E300EF5E14 /* AlarmVC.swift in Sources */,
				548DF16C25A1B4390081FCD1 /* PopUpWateringVC.swift in Sources */,
				92B0F9D925AEB15400AA411A /* AddUserData.swift in Sources */,
				5478344C25AB65C30021C32B /* ShowMoreTVC.swift in Sources */,
				332CC7AA25A6F41E00D0047D /* CustomSegmentedControl.swift in Sources */,
				33D0026925A3093500E97811 /* PlantExplainCVC.swift in Sources */,
				5478346B25AC6DF50021C32B /* LaterCheckData.swift in Sources */,
				54425C2125ADBD9600E62BAB /* RecentKeywordData.swift in Sources */,
				33E874F725A04A56001F84FE /* CherishMainVC.swift in Sources */,
				332CC7C125A72A4800D0047D /* MypageContactData.swift in Sources */,
				92B0F9E225AEE41600AA411A /* FetchedContact.swift in Sources */,
				33CAF85625A2674A0050DE29 /* CircularProgressView.swift in Sources */,
				33805F8925AC739D005CED0F /* MainService.swift in Sources */,
				92824D9C25B16E94003D7678 /* SearchPlantCell.swift in Sources */,
				33EDFBBA25A1B96D006367A7 /* PlantDetailVC.swift in Sources */,
				33E8750425A04D1E001F84FE /* CustomLabel.swift in Sources */,
				33851C99259A5C00005BCFFD /* NetworkResult.swift in Sources */,
				33201B1525AE419F001A94E4 /* MainSelectedData.swift in Sources */,
				92B0FA2C25B0F6A900AA411A /* NoPlantVC.swift in Sources */,
				33E8753525A07A7F001F84FE /* CherishPeopleCVC.swift in Sources */,
				3317778625B0916800CC1030 /* MypageService.swift in Sources */,
				5478347225AC75950021C32B /* WateringDayData.swift in Sources */,
				92DCC3DF25A8504F00160523 /* SelectFriendSearchBar.swift in Sources */,
				33D0026625A3036800E97811 /* PlantDetailPopUpExplainVC.swift in Sources */,
				546A247325ACD53A00F869E2 /* WateringReviewData.swift in Sources */,
				92824DA225B19A7F003D7678 /* MypageNC.swift in Sources */,
				3317777825B042C200CC1030 /* UIImage+Extension.swift in Sources */,
				33E8752025A05CE5001F84FE /* BackdropVC.swift in Sources */,
				332CC7BD25A707BD00D0047D /* MypagePlantData.swift in Sources */,
				33E8754C25A0D272001F84FE /* ProgressBarView.swift in Sources */,
				332CC7B925A7028A00D0047D /* MypageContactVC.swift in Sources */,
				54425C3525AF51CB00E62BAB /* CalendarSeeData.swift in Sources */,
				546A247025ACD32800F869E2 /* WateringReviewService.swift in Sources */,
				33E8754925A09440001F84FE /* NotificationName.swift in Sources */,
				337A5CB925A8545E00578130 /* LoginVC.swift in Sources */,
				33EAA2EC25B15D4E00E75F95 /* AddUserNC.swift in Sources */,
				33E8752325A05CFC001F84FE /* DetailContentVC.swift in Sources */,
				33851C74259A5541005BCFFD /* AppDelegate.swift in Sources */,
				548DF19925A2E1780081FCD1 /* PopUpLaterVC.swift in Sources */,
				54425C3D25AF58BF00E62BAB /* FetchCalendar.swift in Sources */,
				33851C76259A5541005BCFFD /* SceneDelegate.swift in Sources */,
				92DCC3EA25A85D7100160523 /* SelectFriendCell.swift in Sources */,
				33E8752625A05D34001F84FE /* MainContentVC.swift in Sources */,
				54425C2425ADBE0700E62BAB /* RecentKeywordService.swift in Sources */,
				548DF16F25A1B4AB0081FCD1 /* UITextField+Extension.swift in Sources */,
				33E8754225A08CFE001F84FE /* CherishSelectPersonCVC.swift in Sources */,
				33805F9725ACE24E005CED0F /* PlantDetailService.swift in Sources */,
				33805F7E25AC6209005CED0F /* LoginService.swift in Sources */,
				548DF17E25A1EE730081FCD1 /* ReviewVC.swift in Sources */,
				33EAA2EF25B17D3D00E75F95 /* PlantDetailCardService.swift in Sources */,
				5478343625A76EBC0021C32B /* UIDevice+ScreenSize.swift in Sources */,
				33805F9A25ACE78A005CED0F /* PlantDetailData.swift in Sources */,
				546A247625ACD62F00F869E2 /* WateringMotionVC.swift in Sources */,
				33E8751325A05623001F84FE /* CircularProgressBar.swift in Sources */,
				332CC7B325A701A400D0047D /* MypageContactTVC.swift in Sources */,
			);
			runOnlyForDeploymentPostprocessing = 0;
		};
/* End PBXSourcesBuildPhase section */

/* Begin PBXVariantGroup section */
		33851C7E259A5542005BCFFD /* LaunchScreen.storyboard */ = {
			isa = PBXVariantGroup;
			children = (
				33851C7F259A5542005BCFFD /* Base */,
			);
			name = LaunchScreen.storyboard;
			sourceTree = "<group>";
		};
/* End PBXVariantGroup section */

/* Begin XCBuildConfiguration section */
		33851C82259A5542005BCFFD /* Debug */ = {
			isa = XCBuildConfiguration;
			buildSettings = {
				ALWAYS_SEARCH_USER_PATHS = NO;
				CLANG_ANALYZER_NONNULL = YES;
				CLANG_ANALYZER_NUMBER_OBJECT_CONVERSION = YES_AGGRESSIVE;
				CLANG_CXX_LANGUAGE_STANDARD = "gnu++14";
				CLANG_CXX_LIBRARY = "libc++";
				CLANG_ENABLE_MODULES = YES;
				CLANG_ENABLE_OBJC_ARC = YES;
				CLANG_ENABLE_OBJC_WEAK = YES;
				CLANG_WARN_BLOCK_CAPTURE_AUTORELEASING = YES;
				CLANG_WARN_BOOL_CONVERSION = YES;
				CLANG_WARN_COMMA = YES;
				CLANG_WARN_CONSTANT_CONVERSION = YES;
				CLANG_WARN_DEPRECATED_OBJC_IMPLEMENTATIONS = YES;
				CLANG_WARN_DIRECT_OBJC_ISA_USAGE = YES_ERROR;
				CLANG_WARN_DOCUMENTATION_COMMENTS = YES;
				CLANG_WARN_EMPTY_BODY = YES;
				CLANG_WARN_ENUM_CONVERSION = YES;
				CLANG_WARN_INFINITE_RECURSION = YES;
				CLANG_WARN_INT_CONVERSION = YES;
				CLANG_WARN_NON_LITERAL_NULL_CONVERSION = YES;
				CLANG_WARN_OBJC_IMPLICIT_RETAIN_SELF = YES;
				CLANG_WARN_OBJC_LITERAL_CONVERSION = YES;
				CLANG_WARN_OBJC_ROOT_CLASS = YES_ERROR;
				CLANG_WARN_QUOTED_INCLUDE_IN_FRAMEWORK_HEADER = YES;
				CLANG_WARN_RANGE_LOOP_ANALYSIS = YES;
				CLANG_WARN_STRICT_PROTOTYPES = YES;
				CLANG_WARN_SUSPICIOUS_MOVE = YES;
				CLANG_WARN_UNGUARDED_AVAILABILITY = YES_AGGRESSIVE;
				CLANG_WARN_UNREACHABLE_CODE = YES;
				CLANG_WARN__DUPLICATE_METHOD_MATCH = YES;
				COPY_PHASE_STRIP = NO;
				DEBUG_INFORMATION_FORMAT = dwarf;
				ENABLE_STRICT_OBJC_MSGSEND = YES;
				ENABLE_TESTABILITY = YES;
				GCC_C_LANGUAGE_STANDARD = gnu11;
				GCC_DYNAMIC_NO_PIC = NO;
				GCC_NO_COMMON_BLOCKS = YES;
				GCC_OPTIMIZATION_LEVEL = 0;
				GCC_PREPROCESSOR_DEFINITIONS = (
					"DEBUG=1",
					"$(inherited)",
				);
				GCC_WARN_64_TO_32_BIT_CONVERSION = YES;
				GCC_WARN_ABOUT_RETURN_TYPE = YES_ERROR;
				GCC_WARN_UNDECLARED_SELECTOR = YES;
				GCC_WARN_UNINITIALIZED_AUTOS = YES_AGGRESSIVE;
				GCC_WARN_UNUSED_FUNCTION = YES;
				GCC_WARN_UNUSED_VARIABLE = YES;
				IPHONEOS_DEPLOYMENT_TARGET = 14.3;
				MTL_ENABLE_DEBUG_INFO = INCLUDE_SOURCE;
				MTL_FAST_MATH = YES;
				ONLY_ACTIVE_ARCH = YES;
				SDKROOT = iphoneos;
				SWIFT_ACTIVE_COMPILATION_CONDITIONS = DEBUG;
				SWIFT_OPTIMIZATION_LEVEL = "-Onone";
			};
			name = Debug;
		};
		33851C83259A5542005BCFFD /* Release */ = {
			isa = XCBuildConfiguration;
			buildSettings = {
				ALWAYS_SEARCH_USER_PATHS = NO;
				CLANG_ANALYZER_NONNULL = YES;
				CLANG_ANALYZER_NUMBER_OBJECT_CONVERSION = YES_AGGRESSIVE;
				CLANG_CXX_LANGUAGE_STANDARD = "gnu++14";
				CLANG_CXX_LIBRARY = "libc++";
				CLANG_ENABLE_MODULES = YES;
				CLANG_ENABLE_OBJC_ARC = YES;
				CLANG_ENABLE_OBJC_WEAK = YES;
				CLANG_WARN_BLOCK_CAPTURE_AUTORELEASING = YES;
				CLANG_WARN_BOOL_CONVERSION = YES;
				CLANG_WARN_COMMA = YES;
				CLANG_WARN_CONSTANT_CONVERSION = YES;
				CLANG_WARN_DEPRECATED_OBJC_IMPLEMENTATIONS = YES;
				CLANG_WARN_DIRECT_OBJC_ISA_USAGE = YES_ERROR;
				CLANG_WARN_DOCUMENTATION_COMMENTS = YES;
				CLANG_WARN_EMPTY_BODY = YES;
				CLANG_WARN_ENUM_CONVERSION = YES;
				CLANG_WARN_INFINITE_RECURSION = YES;
				CLANG_WARN_INT_CONVERSION = YES;
				CLANG_WARN_NON_LITERAL_NULL_CONVERSION = YES;
				CLANG_WARN_OBJC_IMPLICIT_RETAIN_SELF = YES;
				CLANG_WARN_OBJC_LITERAL_CONVERSION = YES;
				CLANG_WARN_OBJC_ROOT_CLASS = YES_ERROR;
				CLANG_WARN_QUOTED_INCLUDE_IN_FRAMEWORK_HEADER = YES;
				CLANG_WARN_RANGE_LOOP_ANALYSIS = YES;
				CLANG_WARN_STRICT_PROTOTYPES = YES;
				CLANG_WARN_SUSPICIOUS_MOVE = YES;
				CLANG_WARN_UNGUARDED_AVAILABILITY = YES_AGGRESSIVE;
				CLANG_WARN_UNREACHABLE_CODE = YES;
				CLANG_WARN__DUPLICATE_METHOD_MATCH = YES;
				COPY_PHASE_STRIP = NO;
				DEBUG_INFORMATION_FORMAT = "dwarf-with-dsym";
				ENABLE_NS_ASSERTIONS = NO;
				ENABLE_STRICT_OBJC_MSGSEND = YES;
				GCC_C_LANGUAGE_STANDARD = gnu11;
				GCC_NO_COMMON_BLOCKS = YES;
				GCC_WARN_64_TO_32_BIT_CONVERSION = YES;
				GCC_WARN_ABOUT_RETURN_TYPE = YES_ERROR;
				GCC_WARN_UNDECLARED_SELECTOR = YES;
				GCC_WARN_UNINITIALIZED_AUTOS = YES_AGGRESSIVE;
				GCC_WARN_UNUSED_FUNCTION = YES;
				GCC_WARN_UNUSED_VARIABLE = YES;
				IPHONEOS_DEPLOYMENT_TARGET = 14.3;
				MTL_ENABLE_DEBUG_INFO = NO;
				MTL_FAST_MATH = YES;
				SDKROOT = iphoneos;
				SWIFT_COMPILATION_MODE = wholemodule;
				SWIFT_OPTIMIZATION_LEVEL = "-O";
				VALIDATE_PRODUCT = YES;
			};
			name = Release;
		};
		33851C85259A5542005BCFFD /* Debug */ = {
			isa = XCBuildConfiguration;
			baseConfigurationReference = DAA60C0D230FDF9D184F4B6C /* Pods-Cherish-iOS.debug.xcconfig */;
			buildSettings = {
				ASSETCATALOG_COMPILER_APPICON_NAME = AppIcon;
				ASSETCATALOG_COMPILER_GLOBAL_ACCENT_COLOR_NAME = AccentColor;
				CODE_SIGN_ENTITLEMENTS = "Cherish-iOS/Cherish-iOS.entitlements";
				CODE_SIGN_STYLE = Automatic;
				DEVELOPMENT_TEAM = 2ZS26WP93H;
				INFOPLIST_FILE = "Cherish-iOS/Info.plist";
				IPHONEOS_DEPLOYMENT_TARGET = 14.3;
				LD_RUNPATH_SEARCH_PATHS = (
					"$(inherited)",
					"@executable_path/Frameworks",
				);
				PRODUCT_BUNDLE_IDENTIFIER = "iOS.Cherish.Cherish-iOS";
				PRODUCT_NAME = "$(TARGET_NAME)";
				SWIFT_VERSION = 5.0;
				TARGETED_DEVICE_FAMILY = "1,2";
			};
			name = Debug;
		};
		33851C86259A5542005BCFFD /* Release */ = {
			isa = XCBuildConfiguration;
			baseConfigurationReference = F67D9DFE41871E0883A26838 /* Pods-Cherish-iOS.release.xcconfig */;
			buildSettings = {
				ASSETCATALOG_COMPILER_APPICON_NAME = AppIcon;
				ASSETCATALOG_COMPILER_GLOBAL_ACCENT_COLOR_NAME = AccentColor;
				CODE_SIGN_ENTITLEMENTS = "Cherish-iOS/Cherish-iOS.entitlements";
				CODE_SIGN_STYLE = Automatic;
				DEVELOPMENT_TEAM = 2ZS26WP93H;
				INFOPLIST_FILE = "Cherish-iOS/Info.plist";
				IPHONEOS_DEPLOYMENT_TARGET = 14.3;
				LD_RUNPATH_SEARCH_PATHS = (
					"$(inherited)",
					"@executable_path/Frameworks",
				);
				PRODUCT_BUNDLE_IDENTIFIER = "iOS.Cherish.Cherish-iOS";
				PRODUCT_NAME = "$(TARGET_NAME)";
				SWIFT_VERSION = 5.0;
				TARGETED_DEVICE_FAMILY = "1,2";
			};
			name = Release;
		};
/* End XCBuildConfiguration section */

/* Begin XCConfigurationList section */
		33851C6B259A5541005BCFFD /* Build configuration list for PBXProject "Cherish-iOS" */ = {
			isa = XCConfigurationList;
			buildConfigurations = (
				33851C82259A5542005BCFFD /* Debug */,
				33851C83259A5542005BCFFD /* Release */,
			);
			defaultConfigurationIsVisible = 0;
			defaultConfigurationName = Release;
		};
		33851C84259A5542005BCFFD /* Build configuration list for PBXNativeTarget "Cherish-iOS" */ = {
			isa = XCConfigurationList;
			buildConfigurations = (
				33851C85259A5542005BCFFD /* Debug */,
				33851C86259A5542005BCFFD /* Release */,
			);
			defaultConfigurationIsVisible = 0;
			defaultConfigurationName = Release;
		};
/* End XCConfigurationList section */
	};
	rootObject = 33851C68259A5541005BCFFD /* Project object */;
}
