// !$*UTF8*$!
{
	archiveVersion = 1;
	classes = {
	};
	objectVersion = 51;
	objects = {

/* Begin PBXBuildFile section */
		33851C74259A5541005BCFFD /* AppDelegate.swift in Sources */ = {isa = PBXBuildFile; fileRef = 33851C73259A5541005BCFFD /* AppDelegate.swift */; };
		33851C76259A5541005BCFFD /* SceneDelegate.swift in Sources */ = {isa = PBXBuildFile; fileRef = 33851C75259A5541005BCFFD /* SceneDelegate.swift */; };
		33851C7D259A5542005BCFFD /* Assets.xcassets in Resources */ = {isa = PBXBuildFile; fileRef = 33851C7C259A5542005BCFFD /* Assets.xcassets */; };
		33851C80259A5542005BCFFD /* LaunchScreen.storyboard in Resources */ = {isa = PBXBuildFile; fileRef = 33851C7E259A5542005BCFFD /* LaunchScreen.storyboard */; };
		33851C93259A5B68005BCFFD /* APIConstants.swift in Sources */ = {isa = PBXBuildFile; fileRef = 33851C92259A5B68005BCFFD /* APIConstants.swift */; };
		33851C99259A5C00005BCFFD /* NetworkResult.swift in Sources */ = {isa = PBXBuildFile; fileRef = 33851C98259A5C00005BCFFD /* NetworkResult.swift */; };
		33851C9D259A5C25005BCFFD /* GenericResponse.swift in Sources */ = {isa = PBXBuildFile; fileRef = 33851C9C259A5C25005BCFFD /* GenericResponse.swift */; };
		33E874C825A04332001F84FE /* NotoSansCJKkr-Regular.otf in Resources */ = {isa = PBXBuildFile; fileRef = 33E874C725A04332001F84FE /* NotoSansCJKkr-Regular.otf */; };
		33E874CB25A0434B001F84FE /* Roboto-Regular.ttf in Resources */ = {isa = PBXBuildFile; fileRef = 33E874CA25A0434B001F84FE /* Roboto-Regular.ttf */; };
		33E874CE25A04361001F84FE /* NotoSansCJKkr-Medium.otf in Resources */ = {isa = PBXBuildFile; fileRef = 33E874CD25A04361001F84FE /* NotoSansCJKkr-Medium.otf */; };
		33E874D125A0437A001F84FE /* NotoSansCJKkr-Bold.otf in Resources */ = {isa = PBXBuildFile; fileRef = 33E874D025A0437A001F84FE /* NotoSansCJKkr-Bold.otf */; };
		33E874D425A043B4001F84FE /* NotoSansCJKkr-Light.otf in Resources */ = {isa = PBXBuildFile; fileRef = 33E874D325A043B4001F84FE /* NotoSansCJKkr-Light.otf */; };
		33E874D725A043CF001F84FE /* Roboto-Bold.ttf in Resources */ = {isa = PBXBuildFile; fileRef = 33E874D625A043CF001F84FE /* Roboto-Bold.ttf */; };
		33E874DA25A043F1001F84FE /* Roboto-Black.ttf in Resources */ = {isa = PBXBuildFile; fileRef = 33E874D925A043F1001F84FE /* Roboto-Black.ttf */; };
		33E874DD25A04569001F84FE /* MyPage.storyboard in Resources */ = {isa = PBXBuildFile; fileRef = 33E874DC25A04569001F84FE /* MyPage.storyboard */; };
		33E874E025A04746001F84FE /* CherishMain.storyboard in Resources */ = {isa = PBXBuildFile; fileRef = 33E874DF25A04746001F84FE /* CherishMain.storyboard */; };
		33E874E425A047DE001F84FE /* ShowMore.storyboard in Resources */ = {isa = PBXBuildFile; fileRef = 33E874E325A047DE001F84FE /* ShowMore.storyboard */; };
		33E874E825A04832001F84FE /* TabBar.storyboard in Resources */ = {isa = PBXBuildFile; fileRef = 33E874E725A04832001F84FE /* TabBar.storyboard */; };
		33E874EC25A04892001F84FE /* CherishTabBarController.swift in Sources */ = {isa = PBXBuildFile; fileRef = 33E874EB25A04892001F84FE /* CherishTabBarController.swift */; };
		33E874F725A04A56001F84FE /* CherishMainVC.swift in Sources */ = {isa = PBXBuildFile; fileRef = 33E874F625A04A56001F84FE /* CherishMainVC.swift */; };
		33E874FB25A04A81001F84FE /* MyPageVC.swift in Sources */ = {isa = PBXBuildFile; fileRef = 33E874FA25A04A81001F84FE /* MyPageVC.swift */; };
		33E874FE25A04A8D001F84FE /* ShowMoreVC.swift in Sources */ = {isa = PBXBuildFile; fileRef = 33E874FD25A04A8D001F84FE /* ShowMoreVC.swift */; };
		33E8750425A04D1E001F84FE /* CustomLabel.swift in Sources */ = {isa = PBXBuildFile; fileRef = 33E8750325A04D1E001F84FE /* CustomLabel.swift */; };
		33E8750725A04DA2001F84FE /* UIColor+Additions.swift in Sources */ = {isa = PBXBuildFile; fileRef = 33E8750625A04DA2001F84FE /* UIColor+Additions.swift */; };
		33E8751325A05623001F84FE /* CircularProgressBar.swift in Sources */ = {isa = PBXBuildFile; fileRef = 33E8751225A05623001F84FE /* CircularProgressBar.swift */; };
		33E8752025A05CE5001F84FE /* BackdropVC.swift in Sources */ = {isa = PBXBuildFile; fileRef = 33E8751F25A05CE5001F84FE /* BackdropVC.swift */; };
		33E8752325A05CFC001F84FE /* DetailContentVC.swift in Sources */ = {isa = PBXBuildFile; fileRef = 33E8752225A05CFC001F84FE /* DetailContentVC.swift */; };
		33E8752625A05D34001F84FE /* MainContentVC.swift in Sources */ = {isa = PBXBuildFile; fileRef = 33E8752525A05D34001F84FE /* MainContentVC.swift */; };
		33E8753525A07A7F001F84FE /* CherishPeopleCVCell.swift in Sources */ = {isa = PBXBuildFile; fileRef = 33E8753425A07A7F001F84FE /* CherishPeopleCVCell.swift */; };
		33E8753E25A08687001F84FE /* CherishSelectedPeopleData.swift in Sources */ = {isa = PBXBuildFile; fileRef = 33E8753D25A08687001F84FE /* CherishSelectedPeopleData.swift */; };
		33E8754225A08CFE001F84FE /* CherishSelectPersonCVCell.swift in Sources */ = {isa = PBXBuildFile; fileRef = 33E8754125A08CFE001F84FE /* CherishSelectPersonCVCell.swift */; };
		33E8754625A08E87001F84FE /* CherishPeopleData.swift in Sources */ = {isa = PBXBuildFile; fileRef = 33E8754525A08E87001F84FE /* CherishPeopleData.swift */; };
		33E8754925A09440001F84FE /* NotificationName.swift in Sources */ = {isa = PBXBuildFile; fileRef = 33E8754825A09440001F84FE /* NotificationName.swift */; };
		33E8754C25A0D272001F84FE /* ProgressBarView.swift in Sources */ = {isa = PBXBuildFile; fileRef = 33E8754B25A0D272001F84FE /* ProgressBarView.swift */; };
		548DF15725A1A0470081FCD1 /* PopUpWatering.storyboard in Resources */ = {isa = PBXBuildFile; fileRef = 548DF15625A1A0470081FCD1 /* PopUpWatering.storyboard */; };
		6267145A78CCE15A17811AB0 /* Pods_Cherish_iOS.framework in Frameworks */ = {isa = PBXBuildFile; fileRef = 3317F22D029D112E0B804F84 /* Pods_Cherish_iOS.framework */; };
/* End PBXBuildFile section */

/* Begin PBXFileReference section */
		3317F22D029D112E0B804F84 /* Pods_Cherish_iOS.framework */ = {isa = PBXFileReference; explicitFileType = wrapper.framework; includeInIndex = 0; path = Pods_Cherish_iOS.framework; sourceTree = BUILT_PRODUCTS_DIR; };
		33851C70259A5541005BCFFD /* Cherish-iOS.app */ = {isa = PBXFileReference; explicitFileType = wrapper.application; includeInIndex = 0; path = "Cherish-iOS.app"; sourceTree = BUILT_PRODUCTS_DIR; };
		33851C73259A5541005BCFFD /* AppDelegate.swift */ = {isa = PBXFileReference; lastKnownFileType = sourcecode.swift; path = AppDelegate.swift; sourceTree = "<group>"; };
		33851C75259A5541005BCFFD /* SceneDelegate.swift */ = {isa = PBXFileReference; lastKnownFileType = sourcecode.swift; path = SceneDelegate.swift; sourceTree = "<group>"; };
		33851C7C259A5542005BCFFD /* Assets.xcassets */ = {isa = PBXFileReference; lastKnownFileType = folder.assetcatalog; path = Assets.xcassets; sourceTree = "<group>"; };
		33851C7F259A5542005BCFFD /* Base */ = {isa = PBXFileReference; lastKnownFileType = file.storyboard; name = Base; path = Base.lproj/LaunchScreen.storyboard; sourceTree = "<group>"; };
		33851C81259A5542005BCFFD /* Info.plist */ = {isa = PBXFileReference; lastKnownFileType = text.plist.xml; path = Info.plist; sourceTree = "<group>"; };
		33851C92259A5B68005BCFFD /* APIConstants.swift */ = {isa = PBXFileReference; lastKnownFileType = sourcecode.swift; path = APIConstants.swift; sourceTree = "<group>"; };
		33851C98259A5C00005BCFFD /* NetworkResult.swift */ = {isa = PBXFileReference; lastKnownFileType = sourcecode.swift; path = NetworkResult.swift; sourceTree = "<group>"; };
		33851C9C259A5C25005BCFFD /* GenericResponse.swift */ = {isa = PBXFileReference; lastKnownFileType = sourcecode.swift; path = GenericResponse.swift; sourceTree = "<group>"; };
		33E874C725A04332001F84FE /* NotoSansCJKkr-Regular.otf */ = {isa = PBXFileReference; lastKnownFileType = file; path = "NotoSansCJKkr-Regular.otf"; sourceTree = "<group>"; };
		33E874CA25A0434B001F84FE /* Roboto-Regular.ttf */ = {isa = PBXFileReference; lastKnownFileType = file; path = "Roboto-Regular.ttf"; sourceTree = "<group>"; };
		33E874CD25A04361001F84FE /* NotoSansCJKkr-Medium.otf */ = {isa = PBXFileReference; lastKnownFileType = file; path = "NotoSansCJKkr-Medium.otf"; sourceTree = "<group>"; };
		33E874D025A0437A001F84FE /* NotoSansCJKkr-Bold.otf */ = {isa = PBXFileReference; lastKnownFileType = file; path = "NotoSansCJKkr-Bold.otf"; sourceTree = "<group>"; };
		33E874D325A043B4001F84FE /* NotoSansCJKkr-Light.otf */ = {isa = PBXFileReference; lastKnownFileType = file; path = "NotoSansCJKkr-Light.otf"; sourceTree = "<group>"; };
		33E874D625A043CF001F84FE /* Roboto-Bold.ttf */ = {isa = PBXFileReference; lastKnownFileType = file; path = "Roboto-Bold.ttf"; sourceTree = "<group>"; };
		33E874D925A043F1001F84FE /* Roboto-Black.ttf */ = {isa = PBXFileReference; lastKnownFileType = file; path = "Roboto-Black.ttf"; sourceTree = "<group>"; };
		33E874DC25A04569001F84FE /* MyPage.storyboard */ = {isa = PBXFileReference; lastKnownFileType = file.storyboard; path = MyPage.storyboard; sourceTree = "<group>"; };
		33E874DF25A04746001F84FE /* CherishMain.storyboard */ = {isa = PBXFileReference; lastKnownFileType = file.storyboard; path = CherishMain.storyboard; sourceTree = "<group>"; };
		33E874E325A047DE001F84FE /* ShowMore.storyboard */ = {isa = PBXFileReference; lastKnownFileType = file.storyboard; path = ShowMore.storyboard; sourceTree = "<group>"; };
		33E874E725A04832001F84FE /* TabBar.storyboard */ = {isa = PBXFileReference; lastKnownFileType = file.storyboard; path = TabBar.storyboard; sourceTree = "<group>"; };
		33E874EB25A04892001F84FE /* CherishTabBarController.swift */ = {isa = PBXFileReference; lastKnownFileType = sourcecode.swift; path = CherishTabBarController.swift; sourceTree = "<group>"; };
		33E874F625A04A56001F84FE /* CherishMainVC.swift */ = {isa = PBXFileReference; lastKnownFileType = sourcecode.swift; path = CherishMainVC.swift; sourceTree = "<group>"; };
		33E874FA25A04A81001F84FE /* MyPageVC.swift */ = {isa = PBXFileReference; lastKnownFileType = sourcecode.swift; path = MyPageVC.swift; sourceTree = "<group>"; };
		33E874FD25A04A8D001F84FE /* ShowMoreVC.swift */ = {isa = PBXFileReference; lastKnownFileType = sourcecode.swift; path = ShowMoreVC.swift; sourceTree = "<group>"; };
		33E8750325A04D1E001F84FE /* CustomLabel.swift */ = {isa = PBXFileReference; lastKnownFileType = sourcecode.swift; path = CustomLabel.swift; sourceTree = "<group>"; };
		33E8750625A04DA2001F84FE /* UIColor+Additions.swift */ = {isa = PBXFileReference; fileEncoding = 4; lastKnownFileType = sourcecode.swift; path = "UIColor+Additions.swift"; sourceTree = "<group>"; };
		33E8751225A05623001F84FE /* CircularProgressBar.swift */ = {isa = PBXFileReference; lastKnownFileType = sourcecode.swift; path = CircularProgressBar.swift; sourceTree = "<group>"; };
		33E8751F25A05CE5001F84FE /* BackdropVC.swift */ = {isa = PBXFileReference; lastKnownFileType = sourcecode.swift; path = BackdropVC.swift; sourceTree = "<group>"; };
		33E8752225A05CFC001F84FE /* DetailContentVC.swift */ = {isa = PBXFileReference; lastKnownFileType = sourcecode.swift; path = DetailContentVC.swift; sourceTree = "<group>"; };
		33E8752525A05D34001F84FE /* MainContentVC.swift */ = {isa = PBXFileReference; lastKnownFileType = sourcecode.swift; path = MainContentVC.swift; sourceTree = "<group>"; };
		33E8753425A07A7F001F84FE /* CherishPeopleCVCell.swift */ = {isa = PBXFileReference; lastKnownFileType = sourcecode.swift; path = CherishPeopleCVCell.swift; sourceTree = "<group>"; };
		33E8753D25A08687001F84FE /* CherishSelectedPeopleData.swift */ = {isa = PBXFileReference; lastKnownFileType = sourcecode.swift; path = CherishSelectedPeopleData.swift; sourceTree = "<group>"; };
		33E8754125A08CFE001F84FE /* CherishSelectPersonCVCell.swift */ = {isa = PBXFileReference; lastKnownFileType = sourcecode.swift; path = CherishSelectPersonCVCell.swift; sourceTree = "<group>"; };
		33E8754525A08E87001F84FE /* CherishPeopleData.swift */ = {isa = PBXFileReference; lastKnownFileType = sourcecode.swift; path = CherishPeopleData.swift; sourceTree = "<group>"; };
		33E8754825A09440001F84FE /* NotificationName.swift */ = {isa = PBXFileReference; lastKnownFileType = sourcecode.swift; path = NotificationName.swift; sourceTree = "<group>"; };
		33E8754B25A0D272001F84FE /* ProgressBarView.swift */ = {isa = PBXFileReference; lastKnownFileType = sourcecode.swift; path = ProgressBarView.swift; sourceTree = "<group>"; };
		548DF15625A1A0470081FCD1 /* PopUpWatering.storyboard */ = {isa = PBXFileReference; lastKnownFileType = file.storyboard; path = PopUpWatering.storyboard; sourceTree = "<group>"; };
		DAA60C0D230FDF9D184F4B6C /* Pods-Cherish-iOS.debug.xcconfig */ = {isa = PBXFileReference; includeInIndex = 1; lastKnownFileType = text.xcconfig; name = "Pods-Cherish-iOS.debug.xcconfig"; path = "Target Support Files/Pods-Cherish-iOS/Pods-Cherish-iOS.debug.xcconfig"; sourceTree = "<group>"; };
		F67D9DFE41871E0883A26838 /* Pods-Cherish-iOS.release.xcconfig */ = {isa = PBXFileReference; includeInIndex = 1; lastKnownFileType = text.xcconfig; name = "Pods-Cherish-iOS.release.xcconfig"; path = "Target Support Files/Pods-Cherish-iOS/Pods-Cherish-iOS.release.xcconfig"; sourceTree = "<group>"; };
/* End PBXFileReference section */

/* Begin PBXFrameworksBuildPhase section */
		33851C6D259A5541005BCFFD /* Frameworks */ = {
			isa = PBXFrameworksBuildPhase;
			buildActionMask = 2147483647;
			files = (
				6267145A78CCE15A17811AB0 /* Pods_Cherish_iOS.framework in Frameworks */,
			);
			runOnlyForDeploymentPostprocessing = 0;
		};
/* End PBXFrameworksBuildPhase section */

/* Begin PBXGroup section */
		33851C67259A5541005BCFFD = {
			isa = PBXGroup;
			children = (
				33851C72259A5541005BCFFD /* Cherish-iOS */,
				33851C71259A5541005BCFFD /* Products */,
				E02009D7188E5585214F245E /* Pods */,
				B229733EA498ABC825B548EB /* Frameworks */,
			);
			sourceTree = "<group>";
		};
		33851C71259A5541005BCFFD /* Products */ = {
			isa = PBXGroup;
			children = (
				33851C70259A5541005BCFFD /* Cherish-iOS.app */,
			);
			name = Products;
			sourceTree = "<group>";
		};
		33851C72259A5541005BCFFD /* Cherish-iOS */ = {
			isa = PBXGroup;
			children = (
				548DF15525A1A0000081FCD1 /* WateringStoryboard */,
				33851C88259A5AC5005BCFFD /* Resources */,
				33851C89259A5AD6005BCFFD /* Sources */,
				33851C81259A5542005BCFFD /* Info.plist */,
			);
			path = "Cherish-iOS";
			sourceTree = "<group>";
		};
		33851C88259A5AC5005BCFFD /* Resources */ = {
			isa = PBXGroup;
			children = (
				33851C73259A5541005BCFFD /* AppDelegate.swift */,
				33851C75259A5541005BCFFD /* SceneDelegate.swift */,
				33851C7C259A5542005BCFFD /* Assets.xcassets */,
				33851C8A259A5AE2005BCFFD /* Storyboard */,
				33851C8B259A5AEE005BCFFD /* APIService */,
				33851C8C259A5AF6005BCFFD /* Font */,
			);
			path = Resources;
			sourceTree = "<group>";
		};
		33851C89259A5AD6005BCFFD /* Sources */ = {
			isa = PBXGroup;
			children = (
				33851C8D259A5B0E005BCFFD /*  VC */,
				33851C8F259A5B18005BCFFD /* Cell */,
				33851C90259A5B1F005BCFFD /* Model */,
				33851C8E259A5B14005BCFFD /* Class */,
				33851C91259A5B23005BCFFD /* Extension */,
			);
			path = Sources;
			sourceTree = "<group>";
		};
		33851C8A259A5AE2005BCFFD /* Storyboard */ = {
			isa = PBXGroup;
			children = (
				33E874E725A04832001F84FE /* TabBar.storyboard */,
				33E874DF25A04746001F84FE /* CherishMain.storyboard */,
				33E874DC25A04569001F84FE /* MyPage.storyboard */,
				33E874E325A047DE001F84FE /* ShowMore.storyboard */,
				33851C7E259A5542005BCFFD /* LaunchScreen.storyboard */,
			);
			path = Storyboard;
			sourceTree = "<group>";
		};
		33851C8B259A5AEE005BCFFD /* APIService */ = {
			isa = PBXGroup;
			children = (
				33851C92259A5B68005BCFFD /* APIConstants.swift */,
				33851C98259A5C00005BCFFD /* NetworkResult.swift */,
			);
			path = APIService;
			sourceTree = "<group>";
		};
		33851C8C259A5AF6005BCFFD /* Font */ = {
			isa = PBXGroup;
			children = (
				33E874D925A043F1001F84FE /* Roboto-Black.ttf */,
				33E874D625A043CF001F84FE /* Roboto-Bold.ttf */,
				33E874D325A043B4001F84FE /* NotoSansCJKkr-Light.otf */,
				33E874D025A0437A001F84FE /* NotoSansCJKkr-Bold.otf */,
				33E874CD25A04361001F84FE /* NotoSansCJKkr-Medium.otf */,
				33E874CA25A0434B001F84FE /* Roboto-Regular.ttf */,
				33E874C725A04332001F84FE /* NotoSansCJKkr-Regular.otf */,
			);
			path = Font;
			sourceTree = "<group>";
		};
		33851C8D259A5B0E005BCFFD /*  VC */ = {
			isa = PBXGroup;
			children = (
				33E874EA25A04860001F84FE /* TabBar */,
				33E874F325A049A7001F84FE /* CherishMain */,
				33E874F425A049AE001F84FE /* MyPage */,
				33E874F525A049B7001F84FE /* ShowMore */,
			);
			path = " VC";
			sourceTree = "<group>";
		};
		33851C8E259A5B14005BCFFD /* Class */ = {
			isa = PBXGroup;
			children = (
				33E8750325A04D1E001F84FE /* CustomLabel.swift */,
				33E8751225A05623001F84FE /* CircularProgressBar.swift */,
				33E8754B25A0D272001F84FE /* ProgressBarView.swift */,
			);
			path = Class;
			sourceTree = "<group>";
		};
		33851C8F259A5B18005BCFFD /* Cell */ = {
			isa = PBXGroup;
			children = (
				33E8753325A07A63001F84FE /* CherishMain */,
			);
			path = Cell;
			sourceTree = "<group>";
		};
		33851C90259A5B1F005BCFFD /* Model */ = {
			isa = PBXGroup;
			children = (
				33E8753925A08654001F84FE /* CherishMain */,
				33851C9C259A5C25005BCFFD /* GenericResponse.swift */,
			);
			path = Model;
			sourceTree = "<group>";
		};
		33851C91259A5B23005BCFFD /* Extension */ = {
			isa = PBXGroup;
			children = (
				33E8750625A04DA2001F84FE /* UIColor+Additions.swift */,
				33E8754825A09440001F84FE /* NotificationName.swift */,
			);
			path = Extension;
			sourceTree = "<group>";
		};
		33E874EA25A04860001F84FE /* TabBar */ = {
			isa = PBXGroup;
			children = (
				33E874EB25A04892001F84FE /* CherishTabBarController.swift */,
			);
			path = TabBar;
			sourceTree = "<group>";
		};
		33E874F325A049A7001F84FE /* CherishMain */ = {
			isa = PBXGroup;
			children = (
				33E874F625A04A56001F84FE /* CherishMainVC.swift */,
				33E8752525A05D34001F84FE /* MainContentVC.swift */,
				33E8751F25A05CE5001F84FE /* BackdropVC.swift */,
				33E8752225A05CFC001F84FE /* DetailContentVC.swift */,
			);
			path = CherishMain;
			sourceTree = "<group>";
		};
		33E874F425A049AE001F84FE /* MyPage */ = {
			isa = PBXGroup;
			children = (
				33E874FA25A04A81001F84FE /* MyPageVC.swift */,
			);
			path = MyPage;
			sourceTree = "<group>";
		};
		33E874F525A049B7001F84FE /* ShowMore */ = {
			isa = PBXGroup;
			children = (
				33E874FD25A04A8D001F84FE /* ShowMoreVC.swift */,
			);
			path = ShowMore;
			sourceTree = "<group>";
		};
		33E8753325A07A63001F84FE /* CherishMain */ = {
			isa = PBXGroup;
			children = (
				33E8753425A07A7F001F84FE /* CherishPeopleCVCell.swift */,
				33E8754125A08CFE001F84FE /* CherishSelectPersonCVCell.swift */,
			);
			path = CherishMain;
			sourceTree = "<group>";
		};
		33E8753925A08654001F84FE /* CherishMain */ = {
			isa = PBXGroup;
			children = (
				33E8753D25A08687001F84FE /* CherishSelectedPeopleData.swift */,
				33E8754525A08E87001F84FE /* CherishPeopleData.swift */,
			);
			path = CherishMain;
			sourceTree = "<group>";
		};
		548DF15525A1A0000081FCD1 /* WateringStoryboard */ = {
			isa = PBXGroup;
			children = (
				548DF15625A1A0470081FCD1 /* PopUpWatering.storyboard */,
			);
			path = WateringStoryboard;
			sourceTree = "<group>";
		};
		B229733EA498ABC825B548EB /* Frameworks */ = {
			isa = PBXGroup;
			children = (
				3317F22D029D112E0B804F84 /* Pods_Cherish_iOS.framework */,
			);
			name = Frameworks;
			sourceTree = "<group>";
		};
		E02009D7188E5585214F245E /* Pods */ = {
			isa = PBXGroup;
			children = (
				DAA60C0D230FDF9D184F4B6C /* Pods-Cherish-iOS.debug.xcconfig */,
				F67D9DFE41871E0883A26838 /* Pods-Cherish-iOS.release.xcconfig */,
			);
			path = Pods;
			sourceTree = "<group>";
		};
/* End PBXGroup section */

/* Begin PBXNativeTarget section */
		33851C6F259A5541005BCFFD /* Cherish-iOS */ = {
			isa = PBXNativeTarget;
			buildConfigurationList = 33851C84259A5542005BCFFD /* Build configuration list for PBXNativeTarget "Cherish-iOS" */;
			buildPhases = (
				015B669B81E80A7D1E57D08A /* [CP] Check Pods Manifest.lock */,
				33851C6C259A5541005BCFFD /* Sources */,
				33851C6D259A5541005BCFFD /* Frameworks */,
				33851C6E259A5541005BCFFD /* Resources */,
				C297473358F1599870225A3D /* [CP] Embed Pods Frameworks */,
			);
			buildRules = (
			);
			dependencies = (
			);
			name = "Cherish-iOS";
			productName = "Cherish-iOS";
			productReference = 33851C70259A5541005BCFFD /* Cherish-iOS.app */;
			productType = "com.apple.product-type.application";
		};
/* End PBXNativeTarget section */

/* Begin PBXProject section */
		33851C68259A5541005BCFFD /* Project object */ = {
			isa = PBXProject;
			attributes = {
				LastSwiftUpdateCheck = 1230;
				LastUpgradeCheck = 1230;
				TargetAttributes = {
					33851C6F259A5541005BCFFD = {
						CreatedOnToolsVersion = 12.3;
					};
				};
			};
			buildConfigurationList = 33851C6B259A5541005BCFFD /* Build configuration list for PBXProject "Cherish-iOS" */;
			compatibilityVersion = "Xcode 9.3";
			developmentRegion = en;
			hasScannedForEncodings = 0;
			knownRegions = (
				en,
				Base,
			);
			mainGroup = 33851C67259A5541005BCFFD;
			productRefGroup = 33851C71259A5541005BCFFD /* Products */;
			projectDirPath = "";
			projectRoot = "";
			targets = (
				33851C6F259A5541005BCFFD /* Cherish-iOS */,
			);
		};
/* End PBXProject section */

/* Begin PBXResourcesBuildPhase section */
		33851C6E259A5541005BCFFD /* Resources */ = {
			isa = PBXResourcesBuildPhase;
			buildActionMask = 2147483647;
			files = (
				33E874E025A04746001F84FE /* CherishMain.storyboard in Resources */,
				33851C80259A5542005BCFFD /* LaunchScreen.storyboard in Resources */,
				33E874E825A04832001F84FE /* TabBar.storyboard in Resources */,
				33E874C825A04332001F84FE /* NotoSansCJKkr-Regular.otf in Resources */,
				33E874CB25A0434B001F84FE /* Roboto-Regular.ttf in Resources */,
				33851C7D259A5542005BCFFD /* Assets.xcassets in Resources */,
				33E874D125A0437A001F84FE /* NotoSansCJKkr-Bold.otf in Resources */,
				33E874E425A047DE001F84FE /* ShowMore.storyboard in Resources */,
				548DF15725A1A0470081FCD1 /* PopUpWatering.storyboard in Resources */,
				33E874D725A043CF001F84FE /* Roboto-Bold.ttf in Resources */,
				33E874DD25A04569001F84FE /* MyPage.storyboard in Resources */,
				33E874D425A043B4001F84FE /* NotoSansCJKkr-Light.otf in Resources */,
				33E874DA25A043F1001F84FE /* Roboto-Black.ttf in Resources */,
				33E874CE25A04361001F84FE /* NotoSansCJKkr-Medium.otf in Resources */,
			);
			runOnlyForDeploymentPostprocessing = 0;
		};
/* End PBXResourcesBuildPhase section */

/* Begin PBXShellScriptBuildPhase section */
		015B669B81E80A7D1E57D08A /* [CP] Check Pods Manifest.lock */ = {
			isa = PBXShellScriptBuildPhase;
			buildActionMask = 2147483647;
			files = (
			);
			inputFileListPaths = (
			);
			inputPaths = (
				"${PODS_PODFILE_DIR_PATH}/Podfile.lock",
				"${PODS_ROOT}/Manifest.lock",
			);
			name = "[CP] Check Pods Manifest.lock";
			outputFileListPaths = (
			);
			outputPaths = (
				"$(DERIVED_FILE_DIR)/Pods-Cherish-iOS-checkManifestLockResult.txt",
			);
			runOnlyForDeploymentPostprocessing = 0;
			shellPath = /bin/sh;
			shellScript = "diff \"${PODS_PODFILE_DIR_PATH}/Podfile.lock\" \"${PODS_ROOT}/Manifest.lock\" > /dev/null\nif [ $? != 0 ] ; then\n    # print error to STDERR\n    echo \"error: The sandbox is not in sync with the Podfile.lock. Run 'pod install' or update your CocoaPods installation.\" >&2\n    exit 1\nfi\n# This output is used by Xcode 'outputs' to avoid re-running this script phase.\necho \"SUCCESS\" > \"${SCRIPT_OUTPUT_FILE_0}\"\n";
			showEnvVarsInLog = 0;
		};
		C297473358F1599870225A3D /* [CP] Embed Pods Frameworks */ = {
			isa = PBXShellScriptBuildPhase;
			buildActionMask = 2147483647;
			files = (
			);
			inputFileListPaths = (
				"${PODS_ROOT}/Target Support Files/Pods-Cherish-iOS/Pods-Cherish-iOS-frameworks-${CONFIGURATION}-input-files.xcfilelist",
			);
			name = "[CP] Embed Pods Frameworks";
			outputFileListPaths = (
				"${PODS_ROOT}/Target Support Files/Pods-Cherish-iOS/Pods-Cherish-iOS-frameworks-${CONFIGURATION}-output-files.xcfilelist",
			);
			runOnlyForDeploymentPostprocessing = 0;
			shellPath = /bin/sh;
			shellScript = "\"${PODS_ROOT}/Target Support Files/Pods-Cherish-iOS/Pods-Cherish-iOS-frameworks.sh\"\n";
			showEnvVarsInLog = 0;
		};
/* End PBXShellScriptBuildPhase section */

/* Begin PBXSourcesBuildPhase section */
		33851C6C259A5541005BCFFD /* Sources */ = {
			isa = PBXSourcesBuildPhase;
			buildActionMask = 2147483647;
			files = (
				33E874EC25A04892001F84FE /* CherishTabBarController.swift in Sources */,
				33E8750725A04DA2001F84FE /* UIColor+Additions.swift in Sources */,
				33E874FE25A04A8D001F84FE /* ShowMoreVC.swift in Sources */,
				33E874FB25A04A81001F84FE /* MyPageVC.swift in Sources */,
				33851C9D259A5C25005BCFFD /* GenericResponse.swift in Sources */,
				33E8753E25A08687001F84FE /* CherishSelectedPeopleData.swift in Sources */,
				33851C93259A5B68005BCFFD /* APIConstants.swift in Sources */,
				33E8754625A08E87001F84FE /* CherishPeopleData.swift in Sources */,
				33E874F725A04A56001F84FE /* CherishMainVC.swift in Sources */,
				33E8750425A04D1E001F84FE /* CustomLabel.swift in Sources */,
				33851C99259A5C00005BCFFD /* NetworkResult.swift in Sources */,
				33E8753525A07A7F001F84FE /* CherishPeopleCVCell.swift in Sources */,
				33E8752025A05CE5001F84FE /* BackdropVC.swift in Sources */,
				33E8754C25A0D272001F84FE /* ProgressBarView.swift in Sources */,
				33E8754925A09440001F84FE /* NotificationName.swift in Sources */,
				33E8752325A05CFC001F84FE /* DetailContentVC.swift in Sources */,
				33851C74259A5541005BCFFD /* AppDelegate.swift in Sources */,
				33851C76259A5541005BCFFD /* SceneDelegate.swift in Sources */,
				33E8752625A05D34001F84FE /* MainContentVC.swift in Sources */,
				33E8754225A08CFE001F84FE /* CherishSelectPersonCVCell.swift in Sources */,
				33E8751325A05623001F84FE /* CircularProgressBar.swift in Sources */,
			);
			runOnlyForDeploymentPostprocessing = 0;
		};
/* End PBXSourcesBuildPhase section */

/* Begin PBXVariantGroup section */
		33851C7E259A5542005BCFFD /* LaunchScreen.storyboard */ = {
			isa = PBXVariantGroup;
			children = (
				33851C7F259A5542005BCFFD /* Base */,
			);
			name = LaunchScreen.storyboard;
			sourceTree = "<group>";
		};
/* End PBXVariantGroup section */

/* Begin XCBuildConfiguration section */
		33851C82259A5542005BCFFD /* Debug */ = {
			isa = XCBuildConfiguration;
			buildSettings = {
				ALWAYS_SEARCH_USER_PATHS = NO;
				CLANG_ANALYZER_NONNULL = YES;
				CLANG_ANALYZER_NUMBER_OBJECT_CONVERSION = YES_AGGRESSIVE;
				CLANG_CXX_LANGUAGE_STANDARD = "gnu++14";
				CLANG_CXX_LIBRARY = "libc++";
				CLANG_ENABLE_MODULES = YES;
				CLANG_ENABLE_OBJC_ARC = YES;
				CLANG_ENABLE_OBJC_WEAK = YES;
				CLANG_WARN_BLOCK_CAPTURE_AUTORELEASING = YES;
				CLANG_WARN_BOOL_CONVERSION = YES;
				CLANG_WARN_COMMA = YES;
				CLANG_WARN_CONSTANT_CONVERSION = YES;
				CLANG_WARN_DEPRECATED_OBJC_IMPLEMENTATIONS = YES;
				CLANG_WARN_DIRECT_OBJC_ISA_USAGE = YES_ERROR;
				CLANG_WARN_DOCUMENTATION_COMMENTS = YES;
				CLANG_WARN_EMPTY_BODY = YES;
				CLANG_WARN_ENUM_CONVERSION = YES;
				CLANG_WARN_INFINITE_RECURSION = YES;
				CLANG_WARN_INT_CONVERSION = YES;
				CLANG_WARN_NON_LITERAL_NULL_CONVERSION = YES;
				CLANG_WARN_OBJC_IMPLICIT_RETAIN_SELF = YES;
				CLANG_WARN_OBJC_LITERAL_CONVERSION = YES;
				CLANG_WARN_OBJC_ROOT_CLASS = YES_ERROR;
				CLANG_WARN_QUOTED_INCLUDE_IN_FRAMEWORK_HEADER = YES;
				CLANG_WARN_RANGE_LOOP_ANALYSIS = YES;
				CLANG_WARN_STRICT_PROTOTYPES = YES;
				CLANG_WARN_SUSPICIOUS_MOVE = YES;
				CLANG_WARN_UNGUARDED_AVAILABILITY = YES_AGGRESSIVE;
				CLANG_WARN_UNREACHABLE_CODE = YES;
				CLANG_WARN__DUPLICATE_METHOD_MATCH = YES;
				COPY_PHASE_STRIP = NO;
				DEBUG_INFORMATION_FORMAT = dwarf;
				ENABLE_STRICT_OBJC_MSGSEND = YES;
				ENABLE_TESTABILITY = YES;
				GCC_C_LANGUAGE_STANDARD = gnu11;
				GCC_DYNAMIC_NO_PIC = NO;
				GCC_NO_COMMON_BLOCKS = YES;
				GCC_OPTIMIZATION_LEVEL = 0;
				GCC_PREPROCESSOR_DEFINITIONS = (
					"DEBUG=1",
					"$(inherited)",
				);
				GCC_WARN_64_TO_32_BIT_CONVERSION = YES;
				GCC_WARN_ABOUT_RETURN_TYPE = YES_ERROR;
				GCC_WARN_UNDECLARED_SELECTOR = YES;
				GCC_WARN_UNINITIALIZED_AUTOS = YES_AGGRESSIVE;
				GCC_WARN_UNUSED_FUNCTION = YES;
				GCC_WARN_UNUSED_VARIABLE = YES;
				IPHONEOS_DEPLOYMENT_TARGET = 14.3;
				MTL_ENABLE_DEBUG_INFO = INCLUDE_SOURCE;
				MTL_FAST_MATH = YES;
				ONLY_ACTIVE_ARCH = YES;
				SDKROOT = iphoneos;
				SWIFT_ACTIVE_COMPILATION_CONDITIONS = DEBUG;
				SWIFT_OPTIMIZATION_LEVEL = "-Onone";
			};
			name = Debug;
		};
		33851C83259A5542005BCFFD /* Release */ = {
			isa = XCBuildConfiguration;
			buildSettings = {
				ALWAYS_SEARCH_USER_PATHS = NO;
				CLANG_ANALYZER_NONNULL = YES;
				CLANG_ANALYZER_NUMBER_OBJECT_CONVERSION = YES_AGGRESSIVE;
				CLANG_CXX_LANGUAGE_STANDARD = "gnu++14";
				CLANG_CXX_LIBRARY = "libc++";
				CLANG_ENABLE_MODULES = YES;
				CLANG_ENABLE_OBJC_ARC = YES;
				CLANG_ENABLE_OBJC_WEAK = YES;
				CLANG_WARN_BLOCK_CAPTURE_AUTORELEASING = YES;
				CLANG_WARN_BOOL_CONVERSION = YES;
				CLANG_WARN_COMMA = YES;
				CLANG_WARN_CONSTANT_CONVERSION = YES;
				CLANG_WARN_DEPRECATED_OBJC_IMPLEMENTATIONS = YES;
				CLANG_WARN_DIRECT_OBJC_ISA_USAGE = YES_ERROR;
				CLANG_WARN_DOCUMENTATION_COMMENTS = YES;
				CLANG_WARN_EMPTY_BODY = YES;
				CLANG_WARN_ENUM_CONVERSION = YES;
				CLANG_WARN_INFINITE_RECURSION = YES;
				CLANG_WARN_INT_CONVERSION = YES;
				CLANG_WARN_NON_LITERAL_NULL_CONVERSION = YES;
				CLANG_WARN_OBJC_IMPLICIT_RETAIN_SELF = YES;
				CLANG_WARN_OBJC_LITERAL_CONVERSION = YES;
				CLANG_WARN_OBJC_ROOT_CLASS = YES_ERROR;
				CLANG_WARN_QUOTED_INCLUDE_IN_FRAMEWORK_HEADER = YES;
				CLANG_WARN_RANGE_LOOP_ANALYSIS = YES;
				CLANG_WARN_STRICT_PROTOTYPES = YES;
				CLANG_WARN_SUSPICIOUS_MOVE = YES;
				CLANG_WARN_UNGUARDED_AVAILABILITY = YES_AGGRESSIVE;
				CLANG_WARN_UNREACHABLE_CODE = YES;
				CLANG_WARN__DUPLICATE_METHOD_MATCH = YES;
				COPY_PHASE_STRIP = NO;
				DEBUG_INFORMATION_FORMAT = "dwarf-with-dsym";
				ENABLE_NS_ASSERTIONS = NO;
				ENABLE_STRICT_OBJC_MSGSEND = YES;
				GCC_C_LANGUAGE_STANDARD = gnu11;
				GCC_NO_COMMON_BLOCKS = YES;
				GCC_WARN_64_TO_32_BIT_CONVERSION = YES;
				GCC_WARN_ABOUT_RETURN_TYPE = YES_ERROR;
				GCC_WARN_UNDECLARED_SELECTOR = YES;
				GCC_WARN_UNINITIALIZED_AUTOS = YES_AGGRESSIVE;
				GCC_WARN_UNUSED_FUNCTION = YES;
				GCC_WARN_UNUSED_VARIABLE = YES;
				IPHONEOS_DEPLOYMENT_TARGET = 14.3;
				MTL_ENABLE_DEBUG_INFO = NO;
				MTL_FAST_MATH = YES;
				SDKROOT = iphoneos;
				SWIFT_COMPILATION_MODE = wholemodule;
				SWIFT_OPTIMIZATION_LEVEL = "-O";
				VALIDATE_PRODUCT = YES;
			};
			name = Release;
		};
		33851C85259A5542005BCFFD /* Debug */ = {
			isa = XCBuildConfiguration;
			baseConfigurationReference = DAA60C0D230FDF9D184F4B6C /* Pods-Cherish-iOS.debug.xcconfig */;
			buildSettings = {
				ASSETCATALOG_COMPILER_APPICON_NAME = AppIcon;
				ASSETCATALOG_COMPILER_GLOBAL_ACCENT_COLOR_NAME = AccentColor;
				CODE_SIGN_STYLE = Automatic;
				INFOPLIST_FILE = "Cherish-iOS/Info.plist";
				LD_RUNPATH_SEARCH_PATHS = (
					"$(inherited)",
					"@executable_path/Frameworks",
				);
				PRODUCT_BUNDLE_IDENTIFIER = "com.iOS.Cherish.Cherish-iOS";
				PRODUCT_NAME = "$(TARGET_NAME)";
				SWIFT_VERSION = 5.0;
				TARGETED_DEVICE_FAMILY = "1,2";
			};
			name = Debug;
		};
		33851C86259A5542005BCFFD /* Release */ = {
			isa = XCBuildConfiguration;
			baseConfigurationReference = F67D9DFE41871E0883A26838 /* Pods-Cherish-iOS.release.xcconfig */;
			buildSettings = {
				ASSETCATALOG_COMPILER_APPICON_NAME = AppIcon;
				ASSETCATALOG_COMPILER_GLOBAL_ACCENT_COLOR_NAME = AccentColor;
				CODE_SIGN_STYLE = Automatic;
				INFOPLIST_FILE = "Cherish-iOS/Info.plist";
				LD_RUNPATH_SEARCH_PATHS = (
					"$(inherited)",
					"@executable_path/Frameworks",
				);
				PRODUCT_BUNDLE_IDENTIFIER = "com.iOS.Cherish.Cherish-iOS";
				PRODUCT_NAME = "$(TARGET_NAME)";
				SWIFT_VERSION = 5.0;
				TARGETED_DEVICE_FAMILY = "1,2";
			};
			name = Release;
		};
/* End XCBuildConfiguration section */

/* Begin XCConfigurationList section */
		33851C6B259A5541005BCFFD /* Build configuration list for PBXProject "Cherish-iOS" */ = {
			isa = XCConfigurationList;
			buildConfigurations = (
				33851C82259A5542005BCFFD /* Debug */,
				33851C83259A5542005BCFFD /* Release */,
			);
			defaultConfigurationIsVisible = 0;
			defaultConfigurationName = Release;
		};
		33851C84259A5542005BCFFD /* Build configuration list for PBXNativeTarget "Cherish-iOS" */ = {
			isa = XCConfigurationList;
			buildConfigurations = (
				33851C85259A5542005BCFFD /* Debug */,
				33851C86259A5542005BCFFD /* Release */,
			);
			defaultConfigurationIsVisible = 0;
			defaultConfigurationName = Release;
		};
/* End XCConfigurationList section */
	};
	rootObject = 33851C68259A5541005BCFFD /* Project object */;
}
